// !$*UTF8*$!
{
	archiveVersion = 1;
	classes = {
	};
	objectVersion = 51;
	objects = {

/* Begin PBXBuildFile section */
		6311E37022FB5335008F3328 /* AppDelegate.swift in Sources */ = {isa = PBXBuildFile; fileRef = 6311E36F22FB5335008F3328 /* AppDelegate.swift */; };
		6311E37222FB5335008F3328 /* ViewController.swift in Sources */ = {isa = PBXBuildFile; fileRef = 6311E37122FB5335008F3328 /* ViewController.swift */; };
		6311E37522FB5335008F3328 /* Main.storyboard in Resources */ = {isa = PBXBuildFile; fileRef = 6311E37322FB5335008F3328 /* Main.storyboard */; };
		6311E37A22FB5341008F3328 /* LaunchScreen.storyboard in Resources */ = {isa = PBXBuildFile; fileRef = 6311E37822FB5341008F3328 /* LaunchScreen.storyboard */; };
		635940532310475F009CF80F /* TableViewExtension.swift in Sources */ = {isa = PBXBuildFile; fileRef = 635940522310475F009CF80F /* TableViewExtension.swift */; };
		63755D7822FDCA5700D161FA /* Localizable.strings in Resources */ = {isa = PBXBuildFile; fileRef = 63755D7722FDCA5700D161FA /* Localizable.strings */; };
		63755D7C22FDCA7800D161FA /* Como-Bold.ttf in Resources */ = {isa = PBXBuildFile; fileRef = 63755D7A22FDCA7700D161FA /* Como-Bold.ttf */; };
		63755D7D22FDCA7800D161FA /* Como-Regular.ttf in Resources */ = {isa = PBXBuildFile; fileRef = 63755D7B22FDCA7800D161FA /* Como-Regular.ttf */; };
		63755D8022FDCABF00D161FA /* Assets.xcassets in Resources */ = {isa = PBXBuildFile; fileRef = 63755D7F22FDCABF00D161FA /* Assets.xcassets */; };
		63755D8422FDCC8000D161FA /* BViewController.swift in Sources */ = {isa = PBXBuildFile; fileRef = 63755D8322FDCC8000D161FA /* BViewController.swift */; };
		63755E3622FDD3B300D161FA /* Constants.swift in Sources */ = {isa = PBXBuildFile; fileRef = 63755E3522FDD3B300D161FA /* Constants.swift */; };
		63755E3922FDD5A800D161FA /* Commons.swift in Sources */ = {isa = PBXBuildFile; fileRef = 63755E3822FDD5A800D161FA /* Commons.swift */; };
		63755E3C22FDD63B00D161FA /* UIColorExtension.swift in Sources */ = {isa = PBXBuildFile; fileRef = 63755E3B22FDD63B00D161FA /* UIColorExtension.swift */; };
		63755E3E22FDD7A000D161FA /* StringExtension.swift in Sources */ = {isa = PBXBuildFile; fileRef = 63755E3D22FDD7A000D161FA /* StringExtension.swift */; };
		63755E4322FDF17700D161FA /* LoginVC.swift in Sources */ = {isa = PBXBuildFile; fileRef = 63755E4122FDF17700D161FA /* LoginVC.swift */; };
		63755E4422FDF17700D161FA /* LoginVC.xib in Resources */ = {isa = PBXBuildFile; fileRef = 63755E4222FDF17700D161FA /* LoginVC.xib */; };
		63DFBA162315A40E00918A51 /* principalTabBarVC.swift in Sources */ = {isa = PBXBuildFile; fileRef = 63DFBA152315A40E00918A51 /* principalTabBarVC.swift */; };
		63DFBA192315A60700918A51 /* FavoritosVC.swift in Sources */ = {isa = PBXBuildFile; fileRef = 63DFBA172315A60700918A51 /* FavoritosVC.swift */; };
		63DFBA1A2315A60700918A51 /* FavoritosVC.xib in Resources */ = {isa = PBXBuildFile; fileRef = 63DFBA182315A60700918A51 /* FavoritosVC.xib */; };
		63DFBA312315E11500918A51 /* a4SysCoreIOS.framework in Frameworks */ = {isa = PBXBuildFile; fileRef = 63DFBA2F2315E10500918A51 /* a4SysCoreIOS.framework */; };
		63DFBA322315E11500918A51 /* a4SysCoreIOS.framework in Embed Frameworks */ = {isa = PBXBuildFile; fileRef = 63DFBA2F2315E10500918A51 /* a4SysCoreIOS.framework */; settings = {ATTRIBUTES = (CodeSignOnCopy, RemoveHeadersOnCopy, ); }; };
		63E2A798230C49D200EB0F9C /* TTGSnackbar.swift in Sources */ = {isa = PBXBuildFile; fileRef = 63E2A797230C49D200EB0F9C /* TTGSnackbar.swift */; };
		63E2A80E230C5F5600EB0F9C /* StatusCode.swift in Sources */ = {isa = PBXBuildFile; fileRef = 63E2A80D230C5F5600EB0F9C /* StatusCode.swift */; };
		63E2A84E230DA2C600EB0F9C /* Settings.swift in Sources */ = {isa = PBXBuildFile; fileRef = 63E2A84D230DA2C600EB0F9C /* Settings.swift */; };
		63E2A871230DC52E00EB0F9C /* LocationUtil.swift in Sources */ = {isa = PBXBuildFile; fileRef = 63E2A870230DC52E00EB0F9C /* LocationUtil.swift */; };
		63E2A875230DC64300EB0F9C /* YopterAlerts.swift in Sources */ = {isa = PBXBuildFile; fileRef = 63E2A874230DC64300EB0F9C /* YopterAlerts.swift */; };
		63E2A877230DC82800EB0F9C /* ViewExtension.swift in Sources */ = {isa = PBXBuildFile; fileRef = 63E2A876230DC82700EB0F9C /* ViewExtension.swift */; };
		63E2A879230DE32D00EB0F9C /* Font.swift in Sources */ = {isa = PBXBuildFile; fileRef = 63E2A878230DE32D00EB0F9C /* Font.swift */; };
		63E2A88D230DEEB500EB0F9C /* recibidos.json in Resources */ = {isa = PBXBuildFile; fileRef = 63E2A87F230DEEA500EB0F9C /* recibidos.json */; };
		63E2A88E230DEEB500EB0F9C /* loading2.json in Resources */ = {isa = PBXBuildFile; fileRef = 63E2A880230DEEA600EB0F9C /* loading2.json */; };
		63E2A88F230DEEB500EB0F9C /* citas.json in Resources */ = {isa = PBXBuildFile; fileRef = 63E2A881230DEEA700EB0F9C /* citas.json */; };
		63E2A890230DEEB500EB0F9C /* loading3.json in Resources */ = {isa = PBXBuildFile; fileRef = 63E2A882230DEEA800EB0F9C /* loading3.json */; };
		63E2A891230DEEB500EB0F9C /* quejas.json in Resources */ = {isa = PBXBuildFile; fileRef = 63E2A883230DEEA900EB0F9C /* quejas.json */; };
		63E2A892230DEEB500EB0F9C /* show.json in Resources */ = {isa = PBXBuildFile; fileRef = 63E2A884230DEEAA00EB0F9C /* show.json */; };
		63E2A893230DEEB500EB0F9C /* loading.json in Resources */ = {isa = PBXBuildFile; fileRef = 63E2A885230DEEAB00EB0F9C /* loading.json */; };
		63E2A894230DEEB500EB0F9C /* descartados.json in Resources */ = {isa = PBXBuildFile; fileRef = 63E2A886230DEEAC00EB0F9C /* descartados.json */; };
		63E2A895230DEEB500EB0F9C /* notipo.json in Resources */ = {isa = PBXBuildFile; fileRef = 63E2A887230DEEAE00EB0F9C /* notipo.json */; };
		63E2A896230DEEB500EB0F9C /* cierre.json in Resources */ = {isa = PBXBuildFile; fileRef = 63E2A888230DEEAF00EB0F9C /* cierre.json */; };
		63E2A897230DEEB500EB0F9C /* ventas.json in Resources */ = {isa = PBXBuildFile; fileRef = 63E2A889230DEEB000EB0F9C /* ventas.json */; };
		63E2A898230DEEB500EB0F9C /* warning.json in Resources */ = {isa = PBXBuildFile; fileRef = 63E2A88A230DEEB100EB0F9C /* warning.json */; };
		63E2A899230DEEB500EB0F9C /* efectivos.json in Resources */ = {isa = PBXBuildFile; fileRef = 63E2A88B230DEEB300EB0F9C /* efectivos.json */; };
		63E2A89A230DEEB500EB0F9C /* empty.json in Resources */ = {isa = PBXBuildFile; fileRef = 63E2A88C230DEEB400EB0F9C /* empty.json */; };
		63E2A8AC230EF73800EB0F9C /* InfoManager.swift in Sources */ = {isa = PBXBuildFile; fileRef = 63E2A8AB230EF73800EB0F9C /* InfoManager.swift */; };
		63E2A8AE230EF8B200EB0F9C /* TableViewCellFactory.swift in Sources */ = {isa = PBXBuildFile; fileRef = 63E2A8AD230EF8B100EB0F9C /* TableViewCellFactory.swift */; };
		63E2A8B0230EF8F800EB0F9C /* HeaderCell.swift in Sources */ = {isa = PBXBuildFile; fileRef = 63E2A8AF230EF8F700EB0F9C /* HeaderCell.swift */; };
		63E2A8CD230F444100EB0F9C /* OffertsVC.swift in Sources */ = {isa = PBXBuildFile; fileRef = 63E2A8CB230F444100EB0F9C /* OffertsVC.swift */; };
		63E2A8CE230F444100EB0F9C /* OffertsVC.xib in Resources */ = {isa = PBXBuildFile; fileRef = 63E2A8CC230F444100EB0F9C /* OffertsVC.xib */; };
		63E2A8D0230F458200EB0F9C /* BTableViewController.swift in Sources */ = {isa = PBXBuildFile; fileRef = 63E2A8CF230F458200EB0F9C /* BTableViewController.swift */; };
		63E2A8D2230F477E00EB0F9C /* SOHeaderCell.swift in Sources */ = {isa = PBXBuildFile; fileRef = 63E2A8D1230F477E00EB0F9C /* SOHeaderCell.swift */; };
		63E2A8D923102EFA00EB0F9C /* cellOffert.swift in Sources */ = {isa = PBXBuildFile; fileRef = 63E2A8D723102EFA00EB0F9C /* cellOffert.swift */; };
		63E2A8DA23102EFA00EB0F9C /* cellOffert.xib in Resources */ = {isa = PBXBuildFile; fileRef = 63E2A8D823102EFA00EB0F9C /* cellOffert.xib */; };
		67D156784708F3A8BE66DFA2 /* Pods_baseApp.framework in Frameworks */ = {isa = PBXBuildFile; fileRef = C70876081F39164773A7C592 /* Pods_baseApp.framework */; };
/* End PBXBuildFile section */

/* Begin PBXCopyFilesBuildPhase section */
		6311E3A122FB7873008F3328 /* Embed Frameworks */ = {
			isa = PBXCopyFilesBuildPhase;
			buildActionMask = 2147483647;
			dstPath = "";
			dstSubfolderSpec = 10;
			files = (
				63DFBA322315E11500918A51 /* a4SysCoreIOS.framework in Embed Frameworks */,
			);
			name = "Embed Frameworks";
			runOnlyForDeploymentPostprocessing = 0;
		};
/* End PBXCopyFilesBuildPhase section */

/* Begin PBXFileReference section */
		31E428CDFCB278E40E73C317 /* Pods-baseApp.release.xcconfig */ = {isa = PBXFileReference; includeInIndex = 1; lastKnownFileType = text.xcconfig; name = "Pods-baseApp.release.xcconfig"; path = "Target Support Files/Pods-baseApp/Pods-baseApp.release.xcconfig"; sourceTree = "<group>"; };
		6311E36C22FB5335008F3328 /* baseApp.app */ = {isa = PBXFileReference; explicitFileType = wrapper.application; includeInIndex = 0; path = baseApp.app; sourceTree = BUILT_PRODUCTS_DIR; };
		6311E36F22FB5335008F3328 /* AppDelegate.swift */ = {isa = PBXFileReference; lastKnownFileType = sourcecode.swift; path = AppDelegate.swift; sourceTree = "<group>"; };
		6311E37122FB5335008F3328 /* ViewController.swift */ = {isa = PBXFileReference; lastKnownFileType = sourcecode.swift; path = ViewController.swift; sourceTree = "<group>"; };
		6311E37422FB5335008F3328 /* Base */ = {isa = PBXFileReference; lastKnownFileType = file.storyboard; name = Base; path = Base.lproj/Main.storyboard; sourceTree = "<group>"; };
		6311E37922FB5341008F3328 /* Base */ = {isa = PBXFileReference; lastKnownFileType = file.storyboard; name = Base; path = Base.lproj/LaunchScreen.storyboard; sourceTree = "<group>"; };
		6311E37B22FB5341008F3328 /* Info.plist */ = {isa = PBXFileReference; lastKnownFileType = text.plist.xml; path = Info.plist; sourceTree = "<group>"; };
		635940522310475F009CF80F /* TableViewExtension.swift */ = {isa = PBXFileReference; lastKnownFileType = sourcecode.swift; path = TableViewExtension.swift; sourceTree = "<group>"; };
		63755D7722FDCA5700D161FA /* Localizable.strings */ = {isa = PBXFileReference; fileEncoding = 4; lastKnownFileType = text.plist.strings; path = Localizable.strings; sourceTree = "<group>"; };
		63755D7A22FDCA7700D161FA /* Como-Bold.ttf */ = {isa = PBXFileReference; lastKnownFileType = file; path = "Como-Bold.ttf"; sourceTree = "<group>"; };
		63755D7B22FDCA7800D161FA /* Como-Regular.ttf */ = {isa = PBXFileReference; lastKnownFileType = file; path = "Como-Regular.ttf"; sourceTree = "<group>"; };
		63755D7F22FDCABF00D161FA /* Assets.xcassets */ = {isa = PBXFileReference; lastKnownFileType = folder.assetcatalog; path = Assets.xcassets; sourceTree = "<group>"; };
		63755D8322FDCC8000D161FA /* BViewController.swift */ = {isa = PBXFileReference; fileEncoding = 4; lastKnownFileType = sourcecode.swift; path = BViewController.swift; sourceTree = "<group>"; };
		63755E3522FDD3B300D161FA /* Constants.swift */ = {isa = PBXFileReference; fileEncoding = 4; lastKnownFileType = sourcecode.swift; path = Constants.swift; sourceTree = "<group>"; };
		63755E3822FDD5A800D161FA /* Commons.swift */ = {isa = PBXFileReference; fileEncoding = 4; lastKnownFileType = sourcecode.swift; path = Commons.swift; sourceTree = "<group>"; };
		63755E3B22FDD63B00D161FA /* UIColorExtension.swift */ = {isa = PBXFileReference; fileEncoding = 4; lastKnownFileType = sourcecode.swift; path = UIColorExtension.swift; sourceTree = "<group>"; };
		63755E3D22FDD7A000D161FA /* StringExtension.swift */ = {isa = PBXFileReference; fileEncoding = 4; lastKnownFileType = sourcecode.swift; path = StringExtension.swift; sourceTree = "<group>"; };
		63755E4122FDF17700D161FA /* LoginVC.swift */ = {isa = PBXFileReference; lastKnownFileType = sourcecode.swift; path = LoginVC.swift; sourceTree = "<group>"; };
		63755E4222FDF17700D161FA /* LoginVC.xib */ = {isa = PBXFileReference; lastKnownFileType = file.xib; path = LoginVC.xib; sourceTree = "<group>"; };
		63DFBA152315A40E00918A51 /* principalTabBarVC.swift */ = {isa = PBXFileReference; lastKnownFileType = sourcecode.swift; path = principalTabBarVC.swift; sourceTree = "<group>"; };
		63DFBA172315A60700918A51 /* FavoritosVC.swift */ = {isa = PBXFileReference; lastKnownFileType = sourcecode.swift; path = FavoritosVC.swift; sourceTree = "<group>"; };
		63DFBA182315A60700918A51 /* FavoritosVC.xib */ = {isa = PBXFileReference; lastKnownFileType = file.xib; path = FavoritosVC.xib; sourceTree = "<group>"; };
		63DFBA2F2315E10500918A51 /* a4SysCoreIOS.framework */ = {isa = PBXFileReference; lastKnownFileType = wrapper.framework; path = a4SysCoreIOS.framework; sourceTree = "<group>"; };
		63E2A797230C49D200EB0F9C /* TTGSnackbar.swift */ = {isa = PBXFileReference; fileEncoding = 4; lastKnownFileType = sourcecode.swift; path = TTGSnackbar.swift; sourceTree = "<group>"; };
		63E2A80D230C5F5600EB0F9C /* StatusCode.swift */ = {isa = PBXFileReference; lastKnownFileType = sourcecode.swift; path = StatusCode.swift; sourceTree = "<group>"; };
		63E2A84D230DA2C600EB0F9C /* Settings.swift */ = {isa = PBXFileReference; fileEncoding = 4; lastKnownFileType = sourcecode.swift; path = Settings.swift; sourceTree = "<group>"; };
		63E2A870230DC52E00EB0F9C /* LocationUtil.swift */ = {isa = PBXFileReference; fileEncoding = 4; lastKnownFileType = sourcecode.swift; path = LocationUtil.swift; sourceTree = "<group>"; };
		63E2A874230DC64300EB0F9C /* YopterAlerts.swift */ = {isa = PBXFileReference; fileEncoding = 4; lastKnownFileType = sourcecode.swift; path = YopterAlerts.swift; sourceTree = "<group>"; };
		63E2A876230DC82700EB0F9C /* ViewExtension.swift */ = {isa = PBXFileReference; fileEncoding = 4; lastKnownFileType = sourcecode.swift; path = ViewExtension.swift; sourceTree = "<group>"; };
		63E2A878230DE32D00EB0F9C /* Font.swift */ = {isa = PBXFileReference; lastKnownFileType = sourcecode.swift; path = Font.swift; sourceTree = "<group>"; };
		63E2A87F230DEEA500EB0F9C /* recibidos.json */ = {isa = PBXFileReference; fileEncoding = 4; lastKnownFileType = text.json; path = recibidos.json; sourceTree = "<group>"; };
		63E2A880230DEEA600EB0F9C /* loading2.json */ = {isa = PBXFileReference; fileEncoding = 4; lastKnownFileType = text.json; path = loading2.json; sourceTree = "<group>"; };
		63E2A881230DEEA700EB0F9C /* citas.json */ = {isa = PBXFileReference; fileEncoding = 4; lastKnownFileType = text.json; path = citas.json; sourceTree = "<group>"; };
		63E2A882230DEEA800EB0F9C /* loading3.json */ = {isa = PBXFileReference; fileEncoding = 4; lastKnownFileType = text.json; path = loading3.json; sourceTree = "<group>"; };
		63E2A883230DEEA900EB0F9C /* quejas.json */ = {isa = PBXFileReference; fileEncoding = 4; lastKnownFileType = text.json; path = quejas.json; sourceTree = "<group>"; };
		63E2A884230DEEAA00EB0F9C /* show.json */ = {isa = PBXFileReference; fileEncoding = 4; lastKnownFileType = text.json; path = show.json; sourceTree = "<group>"; };
		63E2A885230DEEAB00EB0F9C /* loading.json */ = {isa = PBXFileReference; fileEncoding = 4; lastKnownFileType = text.json; path = loading.json; sourceTree = "<group>"; };
		63E2A886230DEEAC00EB0F9C /* descartados.json */ = {isa = PBXFileReference; fileEncoding = 4; lastKnownFileType = text.json; path = descartados.json; sourceTree = "<group>"; };
		63E2A887230DEEAE00EB0F9C /* notipo.json */ = {isa = PBXFileReference; fileEncoding = 4; lastKnownFileType = text.json; path = notipo.json; sourceTree = "<group>"; };
		63E2A888230DEEAF00EB0F9C /* cierre.json */ = {isa = PBXFileReference; fileEncoding = 4; lastKnownFileType = text.json; path = cierre.json; sourceTree = "<group>"; };
		63E2A889230DEEB000EB0F9C /* ventas.json */ = {isa = PBXFileReference; fileEncoding = 4; lastKnownFileType = text.json; path = ventas.json; sourceTree = "<group>"; };
		63E2A88A230DEEB100EB0F9C /* warning.json */ = {isa = PBXFileReference; fileEncoding = 4; lastKnownFileType = text.json; path = warning.json; sourceTree = "<group>"; };
		63E2A88B230DEEB300EB0F9C /* efectivos.json */ = {isa = PBXFileReference; fileEncoding = 4; lastKnownFileType = text.json; path = efectivos.json; sourceTree = "<group>"; };
		63E2A88C230DEEB400EB0F9C /* empty.json */ = {isa = PBXFileReference; fileEncoding = 4; lastKnownFileType = text.json; path = empty.json; sourceTree = "<group>"; };
		63E2A8AB230EF73800EB0F9C /* InfoManager.swift */ = {isa = PBXFileReference; fileEncoding = 4; lastKnownFileType = sourcecode.swift; path = InfoManager.swift; sourceTree = "<group>"; };
		63E2A8AD230EF8B100EB0F9C /* TableViewCellFactory.swift */ = {isa = PBXFileReference; fileEncoding = 4; lastKnownFileType = sourcecode.swift; path = TableViewCellFactory.swift; sourceTree = "<group>"; };
		63E2A8AF230EF8F700EB0F9C /* HeaderCell.swift */ = {isa = PBXFileReference; fileEncoding = 4; lastKnownFileType = sourcecode.swift; path = HeaderCell.swift; sourceTree = "<group>"; };
		63E2A8CB230F444100EB0F9C /* OffertsVC.swift */ = {isa = PBXFileReference; lastKnownFileType = sourcecode.swift; path = OffertsVC.swift; sourceTree = "<group>"; };
		63E2A8CC230F444100EB0F9C /* OffertsVC.xib */ = {isa = PBXFileReference; lastKnownFileType = file.xib; path = OffertsVC.xib; sourceTree = "<group>"; };
		63E2A8CF230F458200EB0F9C /* BTableViewController.swift */ = {isa = PBXFileReference; fileEncoding = 4; lastKnownFileType = sourcecode.swift; path = BTableViewController.swift; sourceTree = "<group>"; };
		63E2A8D1230F477E00EB0F9C /* SOHeaderCell.swift */ = {isa = PBXFileReference; fileEncoding = 4; lastKnownFileType = sourcecode.swift; path = SOHeaderCell.swift; sourceTree = "<group>"; };
		63E2A8D723102EFA00EB0F9C /* cellOffert.swift */ = {isa = PBXFileReference; lastKnownFileType = sourcecode.swift; path = cellOffert.swift; sourceTree = "<group>"; };
		63E2A8D823102EFA00EB0F9C /* cellOffert.xib */ = {isa = PBXFileReference; lastKnownFileType = file.xib; path = cellOffert.xib; sourceTree = "<group>"; };
		C70876081F39164773A7C592 /* Pods_baseApp.framework */ = {isa = PBXFileReference; explicitFileType = wrapper.framework; includeInIndex = 0; path = Pods_baseApp.framework; sourceTree = BUILT_PRODUCTS_DIR; };
		EF24AB6688F46C12E0D8820E /* Pods-baseApp.debug.xcconfig */ = {isa = PBXFileReference; includeInIndex = 1; lastKnownFileType = text.xcconfig; name = "Pods-baseApp.debug.xcconfig"; path = "Target Support Files/Pods-baseApp/Pods-baseApp.debug.xcconfig"; sourceTree = "<group>"; };
/* End PBXFileReference section */

/* Begin PBXFrameworksBuildPhase section */
		6311E36922FB5335008F3328 /* Frameworks */ = {
			isa = PBXFrameworksBuildPhase;
			buildActionMask = 2147483647;
			files = (
				63DFBA312315E11500918A51 /* a4SysCoreIOS.framework in Frameworks */,
				67D156784708F3A8BE66DFA2 /* Pods_baseApp.framework in Frameworks */,
			);
			runOnlyForDeploymentPostprocessing = 0;
		};
/* End PBXFrameworksBuildPhase section */

/* Begin PBXGroup section */
		4ED8B937454B20F69FB26394 /* Pods */ = {
			isa = PBXGroup;
			children = (
				EF24AB6688F46C12E0D8820E /* Pods-baseApp.debug.xcconfig */,
				31E428CDFCB278E40E73C317 /* Pods-baseApp.release.xcconfig */,
			);
			path = Pods;
			sourceTree = "<group>";
		};
		5DF5965C1E9D5AB058A051E4 /* Frameworks */ = {
			isa = PBXGroup;
			children = (
				C70876081F39164773A7C592 /* Pods_baseApp.framework */,
			);
			name = Frameworks;
			sourceTree = "<group>";
		};
		6311E36322FB5335008F3328 = {
			isa = PBXGroup;
			children = (
				6311E36E22FB5335008F3328 /* baseApp */,
				6311E36D22FB5335008F3328 /* Products */,
				4ED8B937454B20F69FB26394 /* Pods */,
				5DF5965C1E9D5AB058A051E4 /* Frameworks */,
			);
			sourceTree = "<group>";
		};
		6311E36D22FB5335008F3328 /* Products */ = {
			isa = PBXGroup;
			children = (
				6311E36C22FB5335008F3328 /* baseApp.app */,
			);
			name = Products;
			sourceTree = "<group>";
		};
		6311E36E22FB5335008F3328 /* baseApp */ = {
			isa = PBXGroup;
			children = (
				63E2A87E230DEE9500EB0F9C /* Json Animations */,
				63E2A769230B000000EB0F9C /* newFrame */,
				63E2A80C230C5F3200EB0F9C /* API */,
				63E2A799230C4B7E00EB0F9C /* Models */,
				63755E3A22FDD62F00D161FA /* Extensions */,
				63755E3722FDD59B00D161FA /* Utils */,
				63755D7522FDCA3300D161FA /* Resources */,
				63755D7222FDC9E800D161FA /* Controllers */,
				63755D6F22FDC9D200D161FA /* views */,
				6311E36F22FB5335008F3328 /* AppDelegate.swift */,
				6311E37122FB5335008F3328 /* ViewController.swift */,
				6311E37322FB5335008F3328 /* Main.storyboard */,
				6311E37822FB5341008F3328 /* LaunchScreen.storyboard */,
				6311E37B22FB5341008F3328 /* Info.plist */,
			);
			path = baseApp;
			sourceTree = "<group>";
		};
		63755D6F22FDC9D200D161FA /* views */ = {
			isa = PBXGroup;
			children = (
				63DFBA1C2315A64100918A51 /* faviritas */,
				63E2A8B1230EF8FF00EB0F9C /* yopterCominicacells */,
				63E2A8AD230EF8B100EB0F9C /* TableViewCellFactory.swift */,
				63E2A8AF230EF8F700EB0F9C /* HeaderCell.swift */,
				63E2A8AB230EF73800EB0F9C /* InfoManager.swift */,
				63E2A8CC230F444100EB0F9C /* OffertsVC.xib */,
				63755E4222FDF17700D161FA /* LoginVC.xib */,
			);
			path = views;
			sourceTree = "<group>";
		};
		63755D7222FDC9E800D161FA /* Controllers */ = {
			isa = PBXGroup;
			children = (
				63DFBA1B2315A60C00918A51 /* favoritas */,
				63755D8322FDCC8000D161FA /* BViewController.swift */,
				63E2A8CF230F458200EB0F9C /* BTableViewController.swift */,
				63E2A8CB230F444100EB0F9C /* OffertsVC.swift */,
				63755E4122FDF17700D161FA /* LoginVC.swift */,
				63DFBA152315A40E00918A51 /* principalTabBarVC.swift */,
			);
			path = Controllers;
			sourceTree = "<group>";
		};
		63755D7522FDCA3300D161FA /* Resources */ = {
			isa = PBXGroup;
			children = (
				63E2A873230DC62100EB0F9C /* Alerts */,
				63755E3422FDD3A900D161FA /* Constants */,
				63755D7E22FDCA8800D161FA /* images */,
				63755D7922FDCA6700D161FA /* Fonts */,
				63755D7622FDCA4500D161FA /* Strings */,
			);
			path = Resources;
			sourceTree = "<group>";
		};
		63755D7622FDCA4500D161FA /* Strings */ = {
			isa = PBXGroup;
			children = (
				63755D7722FDCA5700D161FA /* Localizable.strings */,
			);
			path = Strings;
			sourceTree = "<group>";
		};
		63755D7922FDCA6700D161FA /* Fonts */ = {
			isa = PBXGroup;
			children = (
				63755D7A22FDCA7700D161FA /* Como-Bold.ttf */,
				63755D7B22FDCA7800D161FA /* Como-Regular.ttf */,
				63E2A878230DE32D00EB0F9C /* Font.swift */,
			);
			path = Fonts;
			sourceTree = "<group>";
		};
		63755D7E22FDCA8800D161FA /* images */ = {
			isa = PBXGroup;
			children = (
				63755D7F22FDCABF00D161FA /* Assets.xcassets */,
			);
			path = images;
			sourceTree = "<group>";
		};
		63755E3422FDD3A900D161FA /* Constants */ = {
			isa = PBXGroup;
			children = (
				63755E3522FDD3B300D161FA /* Constants.swift */,
			);
			path = Constants;
			sourceTree = "<group>";
		};
		63755E3722FDD59B00D161FA /* Utils */ = {
			isa = PBXGroup;
			children = (
				63E2A870230DC52E00EB0F9C /* LocationUtil.swift */,
				63755E3822FDD5A800D161FA /* Commons.swift */,
				63E2A84D230DA2C600EB0F9C /* Settings.swift */,
				63E2A797230C49D200EB0F9C /* TTGSnackbar.swift */,
			);
			path = Utils;
			sourceTree = "<group>";
		};
		63755E3A22FDD62F00D161FA /* Extensions */ = {
			isa = PBXGroup;
			children = (
				63E2A876230DC82700EB0F9C /* ViewExtension.swift */,
				635940522310475F009CF80F /* TableViewExtension.swift */,
				63755E3D22FDD7A000D161FA /* StringExtension.swift */,
				63755E3B22FDD63B00D161FA /* UIColorExtension.swift */,
			);
			path = Extensions;
			sourceTree = "<group>";
		};
		63DFBA1B2315A60C00918A51 /* favoritas */ = {
			isa = PBXGroup;
			children = (
				63DFBA172315A60700918A51 /* FavoritosVC.swift */,
			);
			path = favoritas;
			sourceTree = "<group>";
		};
		63DFBA1C2315A64100918A51 /* faviritas */ = {
			isa = PBXGroup;
			children = (
				63DFBA182315A60700918A51 /* FavoritosVC.xib */,
			);
			path = faviritas;
			sourceTree = "<group>";
		};
		63E2A769230B000000EB0F9C /* newFrame */ = {
			isa = PBXGroup;
			children = (
				63DFBA2F2315E10500918A51 /* a4SysCoreIOS.framework */,
			);
			path = newFrame;
			sourceTree = "<group>";
		};
		63E2A799230C4B7E00EB0F9C /* Models */ = {
			isa = PBXGroup;
			children = (
			);
			path = Models;
			sourceTree = "<group>";
		};
		63E2A80C230C5F3200EB0F9C /* API */ = {
			isa = PBXGroup;
			children = (
				63E2A80D230C5F5600EB0F9C /* StatusCode.swift */,
			);
			path = API;
			sourceTree = "<group>";
		};
		63E2A873230DC62100EB0F9C /* Alerts */ = {
			isa = PBXGroup;
			children = (
				63E2A874230DC64300EB0F9C /* YopterAlerts.swift */,
			);
			path = Alerts;
			sourceTree = "<group>";
		};
		63E2A87E230DEE9500EB0F9C /* Json Animations */ = {
			isa = PBXGroup;
			children = (
				63E2A888230DEEAF00EB0F9C /* cierre.json */,
				63E2A881230DEEA700EB0F9C /* citas.json */,
				63E2A886230DEEAC00EB0F9C /* descartados.json */,
				63E2A88B230DEEB300EB0F9C /* efectivos.json */,
				63E2A88C230DEEB400EB0F9C /* empty.json */,
				63E2A885230DEEAB00EB0F9C /* loading.json */,
				63E2A880230DEEA600EB0F9C /* loading2.json */,
				63E2A882230DEEA800EB0F9C /* loading3.json */,
				63E2A887230DEEAE00EB0F9C /* notipo.json */,
				63E2A883230DEEA900EB0F9C /* quejas.json */,
				63E2A87F230DEEA500EB0F9C /* recibidos.json */,
				63E2A884230DEEAA00EB0F9C /* show.json */,
				63E2A889230DEEB000EB0F9C /* ventas.json */,
				63E2A88A230DEEB100EB0F9C /* warning.json */,
			);
			path = "Json Animations";
			sourceTree = "<group>";
		};
		63E2A8B1230EF8FF00EB0F9C /* yopterCominicacells */ = {
			isa = PBXGroup;
			children = (
				63E2A8D1230F477E00EB0F9C /* SOHeaderCell.swift */,
				63E2A8D723102EFA00EB0F9C /* cellOffert.swift */,
				63E2A8D823102EFA00EB0F9C /* cellOffert.xib */,
			);
			path = yopterCominicacells;
			sourceTree = "<group>";
		};
/* End PBXGroup section */

/* Begin PBXNativeTarget section */
		6311E36B22FB5335008F3328 /* baseApp */ = {
			isa = PBXNativeTarget;
			buildConfigurationList = 6311E37E22FB5341008F3328 /* Build configuration list for PBXNativeTarget "baseApp" */;
			buildPhases = (
				EE7D2252FB07DBB596D4277D /* [CP] Check Pods Manifest.lock */,
				6311E36822FB5335008F3328 /* Sources */,
				6311E36922FB5335008F3328 /* Frameworks */,
				6311E36A22FB5335008F3328 /* Resources */,
				6311E3A122FB7873008F3328 /* Embed Frameworks */,
				8E49B14A1100EEAEB4A1A2C1 /* [CP] Embed Pods Frameworks */,
			);
			buildRules = (
			);
			dependencies = (
			);
			name = baseApp;
			productName = baseApp;
			productReference = 6311E36C22FB5335008F3328 /* baseApp.app */;
			productType = "com.apple.product-type.application";
		};
/* End PBXNativeTarget section */

/* Begin PBXProject section */
		6311E36422FB5335008F3328 /* Project object */ = {
			isa = PBXProject;
			attributes = {
				LastSwiftUpdateCheck = 1030;
				LastUpgradeCheck = 1030;
				ORGANIZATIONNAME = Yopter;
				TargetAttributes = {
					6311E36B22FB5335008F3328 = {
						CreatedOnToolsVersion = 10.3;
						SystemCapabilities = {
							com.apple.BackgroundModes = {
								enabled = 1;
							};
						};
					};
				};
			};
			buildConfigurationList = 6311E36722FB5335008F3328 /* Build configuration list for PBXProject "baseApp" */;
			compatibilityVersion = "Xcode 9.3";
			developmentRegion = en;
			hasScannedForEncodings = 0;
			knownRegions = (
				en,
				Base,
			);
			mainGroup = 6311E36322FB5335008F3328;
			productRefGroup = 6311E36D22FB5335008F3328 /* Products */;
			projectDirPath = "";
			projectRoot = "";
			targets = (
				6311E36B22FB5335008F3328 /* baseApp */,
			);
		};
/* End PBXProject section */

/* Begin PBXResourcesBuildPhase section */
		6311E36A22FB5335008F3328 /* Resources */ = {
			isa = PBXResourcesBuildPhase;
			buildActionMask = 2147483647;
			files = (
				63E2A897230DEEB500EB0F9C /* ventas.json in Resources */,
				63755E4422FDF17700D161FA /* LoginVC.xib in Resources */,
				63E2A891230DEEB500EB0F9C /* quejas.json in Resources */,
				63E2A88F230DEEB500EB0F9C /* citas.json in Resources */,
				63E2A890230DEEB500EB0F9C /* loading3.json in Resources */,
				63E2A894230DEEB500EB0F9C /* descartados.json in Resources */,
				63DFBA1A2315A60700918A51 /* FavoritosVC.xib in Resources */,
				63E2A88D230DEEB500EB0F9C /* recibidos.json in Resources */,
				63755D7822FDCA5700D161FA /* Localizable.strings in Resources */,
				63E2A899230DEEB500EB0F9C /* efectivos.json in Resources */,
				63755D7C22FDCA7800D161FA /* Como-Bold.ttf in Resources */,
				63E2A896230DEEB500EB0F9C /* cierre.json in Resources */,
				63E2A88E230DEEB500EB0F9C /* loading2.json in Resources */,
				63E2A89A230DEEB500EB0F9C /* empty.json in Resources */,
				6311E37A22FB5341008F3328 /* LaunchScreen.storyboard in Resources */,
				63E2A892230DEEB500EB0F9C /* show.json in Resources */,
				63E2A895230DEEB500EB0F9C /* notipo.json in Resources */,
				63755D7D22FDCA7800D161FA /* Como-Regular.ttf in Resources */,
				63755D8022FDCABF00D161FA /* Assets.xcassets in Resources */,
				6311E37522FB5335008F3328 /* Main.storyboard in Resources */,
				63E2A898230DEEB500EB0F9C /* warning.json in Resources */,
				63E2A8DA23102EFA00EB0F9C /* cellOffert.xib in Resources */,
				63E2A8CE230F444100EB0F9C /* OffertsVC.xib in Resources */,
				63E2A893230DEEB500EB0F9C /* loading.json in Resources */,
			);
			runOnlyForDeploymentPostprocessing = 0;
		};
/* End PBXResourcesBuildPhase section */

/* Begin PBXShellScriptBuildPhase section */
		8E49B14A1100EEAEB4A1A2C1 /* [CP] Embed Pods Frameworks */ = {
			isa = PBXShellScriptBuildPhase;
			buildActionMask = 2147483647;
			files = (
			);
			inputFileListPaths = (
				"${PODS_ROOT}/Target Support Files/Pods-baseApp/Pods-baseApp-frameworks-${CONFIGURATION}-input-files.xcfilelist",
			);
			name = "[CP] Embed Pods Frameworks";
			outputFileListPaths = (
				"${PODS_ROOT}/Target Support Files/Pods-baseApp/Pods-baseApp-frameworks-${CONFIGURATION}-output-files.xcfilelist",
			);
			runOnlyForDeploymentPostprocessing = 0;
			shellPath = /bin/sh;
			shellScript = "\"${PODS_ROOT}/Target Support Files/Pods-baseApp/Pods-baseApp-frameworks.sh\"\n";
			showEnvVarsInLog = 0;
		};
		EE7D2252FB07DBB596D4277D /* [CP] Check Pods Manifest.lock */ = {
			isa = PBXShellScriptBuildPhase;
			buildActionMask = 2147483647;
			files = (
			);
			inputFileListPaths = (
			);
			inputPaths = (
				"${PODS_PODFILE_DIR_PATH}/Podfile.lock",
				"${PODS_ROOT}/Manifest.lock",
			);
			name = "[CP] Check Pods Manifest.lock";
			outputFileListPaths = (
			);
			outputPaths = (
				"$(DERIVED_FILE_DIR)/Pods-baseApp-checkManifestLockResult.txt",
			);
			runOnlyForDeploymentPostprocessing = 0;
			shellPath = /bin/sh;
			shellScript = "diff \"${PODS_PODFILE_DIR_PATH}/Podfile.lock\" \"${PODS_ROOT}/Manifest.lock\" > /dev/null\nif [ $? != 0 ] ; then\n    # print error to STDERR\n    echo \"error: The sandbox is not in sync with the Podfile.lock. Run 'pod install' or update your CocoaPods installation.\" >&2\n    exit 1\nfi\n# This output is used by Xcode 'outputs' to avoid re-running this script phase.\necho \"SUCCESS\" > \"${SCRIPT_OUTPUT_FILE_0}\"\n";
			showEnvVarsInLog = 0;
		};
/* End PBXShellScriptBuildPhase section */

/* Begin PBXSourcesBuildPhase section */
		6311E36822FB5335008F3328 /* Sources */ = {
			isa = PBXSourcesBuildPhase;
			buildActionMask = 2147483647;
			files = (
				63E2A871230DC52E00EB0F9C /* LocationUtil.swift in Sources */,
				63755E3622FDD3B300D161FA /* Constants.swift in Sources */,
				63E2A8D0230F458200EB0F9C /* BTableViewController.swift in Sources */,
				63755E3C22FDD63B00D161FA /* UIColorExtension.swift in Sources */,
				63755E4322FDF17700D161FA /* LoginVC.swift in Sources */,
				6311E37222FB5335008F3328 /* ViewController.swift in Sources */,
				63E2A798230C49D200EB0F9C /* TTGSnackbar.swift in Sources */,
				63755D8422FDCC8000D161FA /* BViewController.swift in Sources */,
				63E2A8D2230F477E00EB0F9C /* SOHeaderCell.swift in Sources */,
				63DFBA162315A40E00918A51 /* principalTabBarVC.swift in Sources */,
				635940532310475F009CF80F /* TableViewExtension.swift in Sources */,
				63755E3E22FDD7A000D161FA /* StringExtension.swift in Sources */,
				63E2A8CD230F444100EB0F9C /* OffertsVC.swift in Sources */,
				63E2A8D923102EFA00EB0F9C /* cellOffert.swift in Sources */,
				63E2A8B0230EF8F800EB0F9C /* HeaderCell.swift in Sources */,
				63E2A877230DC82800EB0F9C /* ViewExtension.swift in Sources */,
				63E2A875230DC64300EB0F9C /* YopterAlerts.swift in Sources */,
				6311E37022FB5335008F3328 /* AppDelegate.swift in Sources */,
				63E2A8AE230EF8B200EB0F9C /* TableViewCellFactory.swift in Sources */,
				63E2A879230DE32D00EB0F9C /* Font.swift in Sources */,
				63DFBA192315A60700918A51 /* FavoritosVC.swift in Sources */,
				63E2A8AC230EF73800EB0F9C /* InfoManager.swift in Sources */,
				63755E3922FDD5A800D161FA /* Commons.swift in Sources */,
				63E2A84E230DA2C600EB0F9C /* Settings.swift in Sources */,
				63E2A80E230C5F5600EB0F9C /* StatusCode.swift in Sources */,
			);
			runOnlyForDeploymentPostprocessing = 0;
		};
/* End PBXSourcesBuildPhase section */

/* Begin PBXVariantGroup section */
		6311E37322FB5335008F3328 /* Main.storyboard */ = {
			isa = PBXVariantGroup;
			children = (
				6311E37422FB5335008F3328 /* Base */,
			);
			name = Main.storyboard;
			sourceTree = "<group>";
		};
		6311E37822FB5341008F3328 /* LaunchScreen.storyboard */ = {
			isa = PBXVariantGroup;
			children = (
				6311E37922FB5341008F3328 /* Base */,
			);
			name = LaunchScreen.storyboard;
			sourceTree = "<group>";
		};
/* End PBXVariantGroup section */

/* Begin XCBuildConfiguration section */
		6311E37C22FB5341008F3328 /* Debug */ = {
			isa = XCBuildConfiguration;
			buildSettings = {
				ALWAYS_SEARCH_USER_PATHS = NO;
				CLANG_ANALYZER_NONNULL = YES;
				CLANG_ANALYZER_NUMBER_OBJECT_CONVERSION = YES_AGGRESSIVE;
				CLANG_CXX_LANGUAGE_STANDARD = "gnu++14";
				CLANG_CXX_LIBRARY = "libc++";
				CLANG_ENABLE_MODULES = YES;
				CLANG_ENABLE_OBJC_ARC = YES;
				CLANG_ENABLE_OBJC_WEAK = YES;
				CLANG_WARN_BLOCK_CAPTURE_AUTORELEASING = YES;
				CLANG_WARN_BOOL_CONVERSION = YES;
				CLANG_WARN_COMMA = YES;
				CLANG_WARN_CONSTANT_CONVERSION = YES;
				CLANG_WARN_DEPRECATED_OBJC_IMPLEMENTATIONS = YES;
				CLANG_WARN_DIRECT_OBJC_ISA_USAGE = YES_ERROR;
				CLANG_WARN_DOCUMENTATION_COMMENTS = YES;
				CLANG_WARN_EMPTY_BODY = YES;
				CLANG_WARN_ENUM_CONVERSION = YES;
				CLANG_WARN_INFINITE_RECURSION = YES;
				CLANG_WARN_INT_CONVERSION = YES;
				CLANG_WARN_NON_LITERAL_NULL_CONVERSION = YES;
				CLANG_WARN_OBJC_IMPLICIT_RETAIN_SELF = YES;
				CLANG_WARN_OBJC_LITERAL_CONVERSION = YES;
				CLANG_WARN_OBJC_ROOT_CLASS = YES_ERROR;
				CLANG_WARN_RANGE_LOOP_ANALYSIS = YES;
				CLANG_WARN_STRICT_PROTOTYPES = YES;
				CLANG_WARN_SUSPICIOUS_MOVE = YES;
				CLANG_WARN_UNGUARDED_AVAILABILITY = YES_AGGRESSIVE;
				CLANG_WARN_UNREACHABLE_CODE = YES;
				CLANG_WARN__DUPLICATE_METHOD_MATCH = YES;
				CODE_SIGN_IDENTITY = "iPhone Developer";
				COPY_PHASE_STRIP = NO;
				DEBUG_INFORMATION_FORMAT = dwarf;
				ENABLE_STRICT_OBJC_MSGSEND = YES;
				ENABLE_TESTABILITY = YES;
				GCC_C_LANGUAGE_STANDARD = gnu11;
				GCC_DYNAMIC_NO_PIC = NO;
				GCC_NO_COMMON_BLOCKS = YES;
				GCC_OPTIMIZATION_LEVEL = 0;
				GCC_PREPROCESSOR_DEFINITIONS = (
					"DEBUG=1",
					"$(inherited)",
				);
				GCC_WARN_64_TO_32_BIT_CONVERSION = YES;
				GCC_WARN_ABOUT_RETURN_TYPE = YES_ERROR;
				GCC_WARN_UNDECLARED_SELECTOR = YES;
				GCC_WARN_UNINITIALIZED_AUTOS = YES_AGGRESSIVE;
				GCC_WARN_UNUSED_FUNCTION = YES;
				GCC_WARN_UNUSED_VARIABLE = YES;
				IPHONEOS_DEPLOYMENT_TARGET = 12.4;
				MTL_ENABLE_DEBUG_INFO = INCLUDE_SOURCE;
				MTL_FAST_MATH = YES;
				ONLY_ACTIVE_ARCH = YES;
				SDKROOT = iphoneos;
				SWIFT_ACTIVE_COMPILATION_CONDITIONS = DEBUG;
				SWIFT_OPTIMIZATION_LEVEL = "-Onone";
			};
			name = Debug;
		};
		6311E37D22FB5341008F3328 /* Release */ = {
			isa = XCBuildConfiguration;
			buildSettings = {
				ALWAYS_SEARCH_USER_PATHS = NO;
				CLANG_ANALYZER_NONNULL = YES;
				CLANG_ANALYZER_NUMBER_OBJECT_CONVERSION = YES_AGGRESSIVE;
				CLANG_CXX_LANGUAGE_STANDARD = "gnu++14";
				CLANG_CXX_LIBRARY = "libc++";
				CLANG_ENABLE_MODULES = YES;
				CLANG_ENABLE_OBJC_ARC = YES;
				CLANG_ENABLE_OBJC_WEAK = YES;
				CLANG_WARN_BLOCK_CAPTURE_AUTORELEASING = YES;
				CLANG_WARN_BOOL_CONVERSION = YES;
				CLANG_WARN_COMMA = YES;
				CLANG_WARN_CONSTANT_CONVERSION = YES;
				CLANG_WARN_DEPRECATED_OBJC_IMPLEMENTATIONS = YES;
				CLANG_WARN_DIRECT_OBJC_ISA_USAGE = YES_ERROR;
				CLANG_WARN_DOCUMENTATION_COMMENTS = YES;
				CLANG_WARN_EMPTY_BODY = YES;
				CLANG_WARN_ENUM_CONVERSION = YES;
				CLANG_WARN_INFINITE_RECURSION = YES;
				CLANG_WARN_INT_CONVERSION = YES;
				CLANG_WARN_NON_LITERAL_NULL_CONVERSION = YES;
				CLANG_WARN_OBJC_IMPLICIT_RETAIN_SELF = YES;
				CLANG_WARN_OBJC_LITERAL_CONVERSION = YES;
				CLANG_WARN_OBJC_ROOT_CLASS = YES_ERROR;
				CLANG_WARN_RANGE_LOOP_ANALYSIS = YES;
				CLANG_WARN_STRICT_PROTOTYPES = YES;
				CLANG_WARN_SUSPICIOUS_MOVE = YES;
				CLANG_WARN_UNGUARDED_AVAILABILITY = YES_AGGRESSIVE;
				CLANG_WARN_UNREACHABLE_CODE = YES;
				CLANG_WARN__DUPLICATE_METHOD_MATCH = YES;
				CODE_SIGN_IDENTITY = "iPhone Developer";
				COPY_PHASE_STRIP = NO;
				DEBUG_INFORMATION_FORMAT = "dwarf-with-dsym";
				ENABLE_NS_ASSERTIONS = NO;
				ENABLE_STRICT_OBJC_MSGSEND = YES;
				GCC_C_LANGUAGE_STANDARD = gnu11;
				GCC_NO_COMMON_BLOCKS = YES;
				GCC_WARN_64_TO_32_BIT_CONVERSION = YES;
				GCC_WARN_ABOUT_RETURN_TYPE = YES_ERROR;
				GCC_WARN_UNDECLARED_SELECTOR = YES;
				GCC_WARN_UNINITIALIZED_AUTOS = YES_AGGRESSIVE;
				GCC_WARN_UNUSED_FUNCTION = YES;
				GCC_WARN_UNUSED_VARIABLE = YES;
				IPHONEOS_DEPLOYMENT_TARGET = 12.4;
				MTL_ENABLE_DEBUG_INFO = NO;
				MTL_FAST_MATH = YES;
				SDKROOT = iphoneos;
				SWIFT_COMPILATION_MODE = wholemodule;
				SWIFT_OPTIMIZATION_LEVEL = "-O";
				VALIDATE_PRODUCT = YES;
			};
			name = Release;
		};
		6311E37F22FB5341008F3328 /* Debug */ = {
			isa = XCBuildConfiguration;
			baseConfigurationReference = EF24AB6688F46C12E0D8820E /* Pods-baseApp.debug.xcconfig */;
			buildSettings = {
				ASSETCATALOG_COMPILER_APPICON_NAME = AppIcon;
				ASSETCATALOG_COMPILER_LAUNCHIMAGE_NAME = LaunchImage;
				CODE_SIGN_STYLE = Automatic;
				DEVELOPMENT_TEAM = PAAS8HF76V;
				FRAMEWORK_SEARCH_PATHS = (
					"$(inherited)",
					"$(PROJECT_DIR)/baseApp",
					"$(PROJECT_DIR)",
					"$(PROJECT_DIR)/baseApp/newFrame",
				);
				INFOPLIST_FILE = baseApp/Info.plist;
				IPHONEOS_DEPLOYMENT_TARGET = 10.0;
				LD_RUNPATH_SEARCH_PATHS = (
					"$(inherited)",
					"@executable_path/Frameworks",
				);
				PRODUCT_BUNDLE_IDENTIFIER = com.yopter.yoptercomunica;
				PRODUCT_NAME = "$(TARGET_NAME)";
				SWIFT_VERSION = 4.2;
				TARGETED_DEVICE_FAMILY = "1,2";
			};
			name = Debug;
		};
		6311E38022FB5341008F3328 /* Release */ = {
			isa = XCBuildConfiguration;
			baseConfigurationReference = 31E428CDFCB278E40E73C317 /* Pods-baseApp.release.xcconfig */;
			buildSettings = {
				ASSETCATALOG_COMPILER_APPICON_NAME = AppIcon;
				ASSETCATALOG_COMPILER_LAUNCHIMAGE_NAME = LaunchImage;
				CODE_SIGN_STYLE = Automatic;
				DEVELOPMENT_TEAM = PAAS8HF76V;
				FRAMEWORK_SEARCH_PATHS = (
					"$(inherited)",
					"$(PROJECT_DIR)/baseApp",
					"$(PROJECT_DIR)",
					"$(PROJECT_DIR)/baseApp/newFrame",
				);
				INFOPLIST_FILE = baseApp/Info.plist;
				IPHONEOS_DEPLOYMENT_TARGET = 10.0;
				LD_RUNPATH_SEARCH_PATHS = (
					"$(inherited)",
					"@executable_path/Frameworks",
				);
				PRODUCT_BUNDLE_IDENTIFIER = com.yopter.yoptercomunica;
				PRODUCT_NAME = "$(TARGET_NAME)";
				SWIFT_VERSION = 4.2;
				TARGETED_DEVICE_FAMILY = "1,2";
			};
			name = Release;
		};
/* End XCBuildConfiguration section */

/* Begin XCConfigurationList section */
		6311E36722FB5335008F3328 /* Build configuration list for PBXProject "baseApp" */ = {
			isa = XCConfigurationList;
			buildConfigurations = (
				6311E37C22FB5341008F3328 /* Debug */,
				6311E37D22FB5341008F3328 /* Release */,
			);
			defaultConfigurationIsVisible = 0;
			defaultConfigurationName = Release;
		};
		6311E37E22FB5341008F3328 /* Build configuration list for PBXNativeTarget "baseApp" */ = {
			isa = XCConfigurationList;
			buildConfigurations = (
				6311E37F22FB5341008F3328 /* Debug */,
				6311E38022FB5341008F3328 /* Release */,
			);
			defaultConfigurationIsVisible = 0;
			defaultConfigurationName = Release;
		};
/* End XCConfigurationList section */
	};
	rootObject = 6311E36422FB5335008F3328 /* Project object */;
}
