// !$*UTF8*$!
{
	archiveVersion = 1;
	classes = {
	};
	objectVersion = 51;
	objects = {

/* Begin PBXBuildFile section */
		6311E37022FB5335008F3328 /* AppDelegate.swift in Sources */ = {isa = PBXBuildFile; fileRef = 6311E36F22FB5335008F3328 /* AppDelegate.swift */; };
		6311E37222FB5335008F3328 /* ViewController.swift in Sources */ = {isa = PBXBuildFile; fileRef = 6311E37122FB5335008F3328 /* ViewController.swift */; };
		6311E37522FB5335008F3328 /* Main.storyboard in Resources */ = {isa = PBXBuildFile; fileRef = 6311E37322FB5335008F3328 /* Main.storyboard */; };
		6311E37A22FB5341008F3328 /* LaunchScreen.storyboard in Resources */ = {isa = PBXBuildFile; fileRef = 6311E37822FB5341008F3328 /* LaunchScreen.storyboard */; };
		63755D7822FDCA5700D161FA /* Localizable.strings in Resources */ = {isa = PBXBuildFile; fileRef = 63755D7722FDCA5700D161FA /* Localizable.strings */; };
		63755D7C22FDCA7800D161FA /* Como-Bold.ttf in Resources */ = {isa = PBXBuildFile; fileRef = 63755D7A22FDCA7700D161FA /* Como-Bold.ttf */; };
		63755D7D22FDCA7800D161FA /* Como-Regular.ttf in Resources */ = {isa = PBXBuildFile; fileRef = 63755D7B22FDCA7800D161FA /* Como-Regular.ttf */; };
		63755D8022FDCABF00D161FA /* Assets.xcassets in Resources */ = {isa = PBXBuildFile; fileRef = 63755D7F22FDCABF00D161FA /* Assets.xcassets */; };
		63755D8422FDCC8000D161FA /* BViewController.swift in Sources */ = {isa = PBXBuildFile; fileRef = 63755D8322FDCC8000D161FA /* BViewController.swift */; };
		63755E3622FDD3B300D161FA /* Constants.swift in Sources */ = {isa = PBXBuildFile; fileRef = 63755E3522FDD3B300D161FA /* Constants.swift */; };
		63755E3922FDD5A800D161FA /* Commons.swift in Sources */ = {isa = PBXBuildFile; fileRef = 63755E3822FDD5A800D161FA /* Commons.swift */; };
		63755E3C22FDD63B00D161FA /* UIColorExtension.swift in Sources */ = {isa = PBXBuildFile; fileRef = 63755E3B22FDD63B00D161FA /* UIColorExtension.swift */; };
		63755E3E22FDD7A000D161FA /* StringExtension.swift in Sources */ = {isa = PBXBuildFile; fileRef = 63755E3D22FDD7A000D161FA /* StringExtension.swift */; };
		63755E4322FDF17700D161FA /* LoginVC.swift in Sources */ = {isa = PBXBuildFile; fileRef = 63755E4122FDF17700D161FA /* LoginVC.swift */; };
		63755E4422FDF17700D161FA /* LoginVC.xib in Resources */ = {isa = PBXBuildFile; fileRef = 63755E4222FDF17700D161FA /* LoginVC.xib */; };
		63E2A798230C49D200EB0F9C /* TTGSnackbar.swift in Sources */ = {isa = PBXBuildFile; fileRef = 63E2A797230C49D200EB0F9C /* TTGSnackbar.swift */; };
		63E2A7CD230C4C1500EB0F9C /* ZoneImg.swift in Sources */ = {isa = PBXBuildFile; fileRef = 63E2A79A230C4BF200EB0F9C /* ZoneImg.swift */; };
		63E2A7CE230C4C1500EB0F9C /* Customer.swift in Sources */ = {isa = PBXBuildFile; fileRef = 63E2A79B230C4BF300EB0F9C /* Customer.swift */; };
		63E2A7CF230C4C1500EB0F9C /* User.swift in Sources */ = {isa = PBXBuildFile; fileRef = 63E2A79C230C4BF300EB0F9C /* User.swift */; };
		63E2A7D0230C4C1500EB0F9C /* Image.swift in Sources */ = {isa = PBXBuildFile; fileRef = 63E2A79D230C4BF400EB0F9C /* Image.swift */; };
		63E2A7D1230C4C1500EB0F9C /* OfferStatus.swift in Sources */ = {isa = PBXBuildFile; fileRef = 63E2A79E230C4BF500EB0F9C /* OfferStatus.swift */; };
		63E2A7D2230C4C1500EB0F9C /* Schedule.swift in Sources */ = {isa = PBXBuildFile; fileRef = 63E2A79F230C4BF600EB0F9C /* Schedule.swift */; };
		63E2A7D3230C4C1500EB0F9C /* BeaconDetail.swift in Sources */ = {isa = PBXBuildFile; fileRef = 63E2A7A0230C4BF600EB0F9C /* BeaconDetail.swift */; };
		63E2A7D4230C4C1500EB0F9C /* State.swift in Sources */ = {isa = PBXBuildFile; fileRef = 63E2A7A1230C4BF700EB0F9C /* State.swift */; };
		63E2A7D5230C4C1500EB0F9C /* Showed.swift in Sources */ = {isa = PBXBuildFile; fileRef = 63E2A7A2230C4BF700EB0F9C /* Showed.swift */; };
		63E2A7D6230C4C1500EB0F9C /* Keyword.swift in Sources */ = {isa = PBXBuildFile; fileRef = 63E2A7A3230C4BF800EB0F9C /* Keyword.swift */; };
		63E2A7D7230C4C1500EB0F9C /* SantanderProduct.swift in Sources */ = {isa = PBXBuildFile; fileRef = 63E2A7A4230C4BF800EB0F9C /* SantanderProduct.swift */; };
		63E2A7D8230C4C1500EB0F9C /* CommerceCount.swift in Sources */ = {isa = PBXBuildFile; fileRef = 63E2A7A5230C4BF900EB0F9C /* CommerceCount.swift */; };
		63E2A7D9230C4C1500EB0F9C /* Store.swift in Sources */ = {isa = PBXBuildFile; fileRef = 63E2A7A6230C4BFA00EB0F9C /* Store.swift */; };
		63E2A7DA230C4C1500EB0F9C /* LocationGeofence.swift in Sources */ = {isa = PBXBuildFile; fileRef = 63E2A7A7230C4BFA00EB0F9C /* LocationGeofence.swift */; };
		63E2A7DB230C4C1500EB0F9C /* Rating.swift in Sources */ = {isa = PBXBuildFile; fileRef = 63E2A7A8230C4BFB00EB0F9C /* Rating.swift */; };
		63E2A7DC230C4C1500EB0F9C /* Beacon.swift in Sources */ = {isa = PBXBuildFile; fileRef = 63E2A7A9230C4BFB00EB0F9C /* Beacon.swift */; };
		63E2A7DD230C4C1500EB0F9C /* TakeCodeType.swift in Sources */ = {isa = PBXBuildFile; fileRef = 63E2A7AA230C4BFC00EB0F9C /* TakeCodeType.swift */; };
		63E2A7DE230C4C1500EB0F9C /* Company.swift in Sources */ = {isa = PBXBuildFile; fileRef = 63E2A7AB230C4BFC00EB0F9C /* Company.swift */; };
		63E2A7DF230C4C1500EB0F9C /* Country.swift in Sources */ = {isa = PBXBuildFile; fileRef = 63E2A7AC230C4BFD00EB0F9C /* Country.swift */; };
		63E2A7E0230C4C1500EB0F9C /* OfferTakenSum.swift in Sources */ = {isa = PBXBuildFile; fileRef = 63E2A7AD230C4BFE00EB0F9C /* OfferTakenSum.swift */; };
		63E2A7E1230C4C1500EB0F9C /* OfferType.swift in Sources */ = {isa = PBXBuildFile; fileRef = 63E2A7AE230C4BFE00EB0F9C /* OfferType.swift */; };
		63E2A7E2230C4C1500EB0F9C /* Article.swift in Sources */ = {isa = PBXBuildFile; fileRef = 63E2A7AF230C4BFF00EB0F9C /* Article.swift */; };
		63E2A7E3230C4C1500EB0F9C /* Configurations.swift in Sources */ = {isa = PBXBuildFile; fileRef = 63E2A7B0230C4BFF00EB0F9C /* Configurations.swift */; };
		63E2A7E4230C4C1500EB0F9C /* Menu.swift in Sources */ = {isa = PBXBuildFile; fileRef = 63E2A7B1230C4C0000EB0F9C /* Menu.swift */; };
		63E2A7E5230C4C1500EB0F9C /* ReportReason.swift in Sources */ = {isa = PBXBuildFile; fileRef = 63E2A7B2230C4C0100EB0F9C /* ReportReason.swift */; };
		63E2A7E6230C4C1500EB0F9C /* BeaconTrack.swift in Sources */ = {isa = PBXBuildFile; fileRef = 63E2A7B3230C4C0100EB0F9C /* BeaconTrack.swift */; };
		63E2A7E7230C4C1500EB0F9C /* UserCount.swift in Sources */ = {isa = PBXBuildFile; fileRef = 63E2A7B4230C4C0200EB0F9C /* UserCount.swift */; };
		63E2A7E8230C4C1500EB0F9C /* ArticlesResponse.swift in Sources */ = {isa = PBXBuildFile; fileRef = 63E2A7B5230C4C0200EB0F9C /* ArticlesResponse.swift */; };
		63E2A7E9230C4C1500EB0F9C /* Mall.swift in Sources */ = {isa = PBXBuildFile; fileRef = 63E2A7B6230C4C0300EB0F9C /* Mall.swift */; };
		63E2A7EA230C4C1500EB0F9C /* MaritalStatus.swift in Sources */ = {isa = PBXBuildFile; fileRef = 63E2A7B7230C4C0400EB0F9C /* MaritalStatus.swift */; };
		63E2A7EB230C4C1500EB0F9C /* FiltersCategories.swift in Sources */ = {isa = PBXBuildFile; fileRef = 63E2A7B8230C4C0400EB0F9C /* FiltersCategories.swift */; };
		63E2A7EC230C4C1500EB0F9C /* Geofence.swift in Sources */ = {isa = PBXBuildFile; fileRef = 63E2A7B9230C4C0500EB0F9C /* Geofence.swift */; };
		63E2A7ED230C4C1500EB0F9C /* OfferSum.swift in Sources */ = {isa = PBXBuildFile; fileRef = 63E2A7BA230C4C0500EB0F9C /* OfferSum.swift */; };
		63E2A7EE230C4C1500EB0F9C /* UserRating.swift in Sources */ = {isa = PBXBuildFile; fileRef = 63E2A7BB230C4C0700EB0F9C /* UserRating.swift */; };
		63E2A7EF230C4C1500EB0F9C /* Heartbeat.swift in Sources */ = {isa = PBXBuildFile; fileRef = 63E2A7BC230C4C0900EB0F9C /* Heartbeat.swift */; };
		63E2A7F0230C4C1500EB0F9C /* Offer.swift in Sources */ = {isa = PBXBuildFile; fileRef = 63E2A7BD230C4C0B00EB0F9C /* Offer.swift */; };
		63E2A7F1230C4C1500EB0F9C /* BeaconInstallationType.swift in Sources */ = {isa = PBXBuildFile; fileRef = 63E2A7BE230C4C0C00EB0F9C /* BeaconInstallationType.swift */; };
		63E2A7F2230C4C1500EB0F9C /* Category.swift in Sources */ = {isa = PBXBuildFile; fileRef = 63E2A7BF230C4C0C00EB0F9C /* Category.swift */; };
		63E2A7F3230C4C1500EB0F9C /* OfferTaken.swift in Sources */ = {isa = PBXBuildFile; fileRef = 63E2A7C0230C4C0D00EB0F9C /* OfferTaken.swift */; };
		63E2A7F4230C4C1500EB0F9C /* BeaconInstallation.swift in Sources */ = {isa = PBXBuildFile; fileRef = 63E2A7C1230C4C0E00EB0F9C /* BeaconInstallation.swift */; };
		63E2A7F5230C4C1500EB0F9C /* ApiError.swift in Sources */ = {isa = PBXBuildFile; fileRef = 63E2A7C2230C4C0E00EB0F9C /* ApiError.swift */; };
		63E2A7F6230C4C1500EB0F9C /* ExternalInfo.swift in Sources */ = {isa = PBXBuildFile; fileRef = 63E2A7C3230C4C0F00EB0F9C /* ExternalInfo.swift */; };
		63E2A7F7230C4C1500EB0F9C /* UserStatus.swift in Sources */ = {isa = PBXBuildFile; fileRef = 63E2A7C4230C4C0F00EB0F9C /* UserStatus.swift */; };
		63E2A7F8230C4C1500EB0F9C /* WhoAmI.swift in Sources */ = {isa = PBXBuildFile; fileRef = 63E2A7C5230C4C1000EB0F9C /* WhoAmI.swift */; };
		63E2A7F9230C4C1500EB0F9C /* BeaconFirmware.swift in Sources */ = {isa = PBXBuildFile; fileRef = 63E2A7C6230C4C1100EB0F9C /* BeaconFirmware.swift */; };
		63E2A7FA230C4C1500EB0F9C /* ReportSucursal.swift in Sources */ = {isa = PBXBuildFile; fileRef = 63E2A7C7230C4C1100EB0F9C /* ReportSucursal.swift */; };
		63E2A7FB230C4C1500EB0F9C /* BeaconAnnouncement.swift in Sources */ = {isa = PBXBuildFile; fileRef = 63E2A7C8230C4C1300EB0F9C /* BeaconAnnouncement.swift */; };
		63E2A7FC230C4C1500EB0F9C /* CustomColors.swift in Sources */ = {isa = PBXBuildFile; fileRef = 63E2A7C9230C4C1300EB0F9C /* CustomColors.swift */; };
		63E2A7FD230C4C1500EB0F9C /* OfferCount.swift in Sources */ = {isa = PBXBuildFile; fileRef = 63E2A7CA230C4C1400EB0F9C /* OfferCount.swift */; };
		63E2A7FE230C4C1500EB0F9C /* Commerce.swift in Sources */ = {isa = PBXBuildFile; fileRef = 63E2A7CB230C4C1400EB0F9C /* Commerce.swift */; };
		63E2A7FF230C4C1500EB0F9C /* Images.swift in Sources */ = {isa = PBXBuildFile; fileRef = 63E2A7CC230C4C1500EB0F9C /* Images.swift */; };
		63E2A80E230C5F5600EB0F9C /* StatusCode.swift in Sources */ = {isa = PBXBuildFile; fileRef = 63E2A80D230C5F5600EB0F9C /* StatusCode.swift */; };
		63E2A81E230C65C500EB0F9C /* a4SysCoreIOS.framework in Frameworks */ = {isa = PBXBuildFile; fileRef = 63E2A81D230C65C500EB0F9C /* a4SysCoreIOS.framework */; };
		67D156784708F3A8BE66DFA2 /* Pods_baseApp.framework in Frameworks */ = {isa = PBXBuildFile; fileRef = C70876081F39164773A7C592 /* Pods_baseApp.framework */; };
/* End PBXBuildFile section */

/* Begin PBXCopyFilesBuildPhase section */
		6311E3A122FB7873008F3328 /* Embed Frameworks */ = {
			isa = PBXCopyFilesBuildPhase;
			buildActionMask = 2147483647;
			dstPath = "";
			dstSubfolderSpec = 10;
			files = (
			);
			name = "Embed Frameworks";
			runOnlyForDeploymentPostprocessing = 0;
		};
/* End PBXCopyFilesBuildPhase section */

/* Begin PBXFileReference section */
		31E428CDFCB278E40E73C317 /* Pods-baseApp.release.xcconfig */ = {isa = PBXFileReference; includeInIndex = 1; lastKnownFileType = text.xcconfig; name = "Pods-baseApp.release.xcconfig"; path = "Target Support Files/Pods-baseApp/Pods-baseApp.release.xcconfig"; sourceTree = "<group>"; };
		6311E36C22FB5335008F3328 /* baseApp.app */ = {isa = PBXFileReference; explicitFileType = wrapper.application; includeInIndex = 0; path = baseApp.app; sourceTree = BUILT_PRODUCTS_DIR; };
		6311E36F22FB5335008F3328 /* AppDelegate.swift */ = {isa = PBXFileReference; lastKnownFileType = sourcecode.swift; path = AppDelegate.swift; sourceTree = "<group>"; };
		6311E37122FB5335008F3328 /* ViewController.swift */ = {isa = PBXFileReference; lastKnownFileType = sourcecode.swift; path = ViewController.swift; sourceTree = "<group>"; };
		6311E37422FB5335008F3328 /* Base */ = {isa = PBXFileReference; lastKnownFileType = file.storyboard; name = Base; path = Base.lproj/Main.storyboard; sourceTree = "<group>"; };
		6311E37922FB5341008F3328 /* Base */ = {isa = PBXFileReference; lastKnownFileType = file.storyboard; name = Base; path = Base.lproj/LaunchScreen.storyboard; sourceTree = "<group>"; };
		6311E37B22FB5341008F3328 /* Info.plist */ = {isa = PBXFileReference; lastKnownFileType = text.plist.xml; path = Info.plist; sourceTree = "<group>"; };
		63755D7722FDCA5700D161FA /* Localizable.strings */ = {isa = PBXFileReference; fileEncoding = 4; lastKnownFileType = text.plist.strings; path = Localizable.strings; sourceTree = "<group>"; };
		63755D7A22FDCA7700D161FA /* Como-Bold.ttf */ = {isa = PBXFileReference; lastKnownFileType = file; path = "Como-Bold.ttf"; sourceTree = "<group>"; };
		63755D7B22FDCA7800D161FA /* Como-Regular.ttf */ = {isa = PBXFileReference; lastKnownFileType = file; path = "Como-Regular.ttf"; sourceTree = "<group>"; };
		63755D7F22FDCABF00D161FA /* Assets.xcassets */ = {isa = PBXFileReference; lastKnownFileType = folder.assetcatalog; path = Assets.xcassets; sourceTree = "<group>"; };
		63755D8322FDCC8000D161FA /* BViewController.swift */ = {isa = PBXFileReference; fileEncoding = 4; lastKnownFileType = sourcecode.swift; path = BViewController.swift; sourceTree = "<group>"; };
		63755E3522FDD3B300D161FA /* Constants.swift */ = {isa = PBXFileReference; fileEncoding = 4; lastKnownFileType = sourcecode.swift; path = Constants.swift; sourceTree = "<group>"; };
		63755E3822FDD5A800D161FA /* Commons.swift */ = {isa = PBXFileReference; fileEncoding = 4; lastKnownFileType = sourcecode.swift; path = Commons.swift; sourceTree = "<group>"; };
		63755E3B22FDD63B00D161FA /* UIColorExtension.swift */ = {isa = PBXFileReference; fileEncoding = 4; lastKnownFileType = sourcecode.swift; path = UIColorExtension.swift; sourceTree = "<group>"; };
		63755E3D22FDD7A000D161FA /* StringExtension.swift */ = {isa = PBXFileReference; fileEncoding = 4; lastKnownFileType = sourcecode.swift; path = StringExtension.swift; sourceTree = "<group>"; };
		63755E4122FDF17700D161FA /* LoginVC.swift */ = {isa = PBXFileReference; lastKnownFileType = sourcecode.swift; path = LoginVC.swift; sourceTree = "<group>"; };
		63755E4222FDF17700D161FA /* LoginVC.xib */ = {isa = PBXFileReference; lastKnownFileType = file.xib; path = LoginVC.xib; sourceTree = "<group>"; };
		63E2A797230C49D200EB0F9C /* TTGSnackbar.swift */ = {isa = PBXFileReference; fileEncoding = 4; lastKnownFileType = sourcecode.swift; path = TTGSnackbar.swift; sourceTree = "<group>"; };
		63E2A79A230C4BF200EB0F9C /* ZoneImg.swift */ = {isa = PBXFileReference; fileEncoding = 4; lastKnownFileType = sourcecode.swift; path = ZoneImg.swift; sourceTree = "<group>"; };
		63E2A79B230C4BF300EB0F9C /* Customer.swift */ = {isa = PBXFileReference; fileEncoding = 4; lastKnownFileType = sourcecode.swift; path = Customer.swift; sourceTree = "<group>"; };
		63E2A79C230C4BF300EB0F9C /* User.swift */ = {isa = PBXFileReference; fileEncoding = 4; lastKnownFileType = sourcecode.swift; path = User.swift; sourceTree = "<group>"; };
		63E2A79D230C4BF400EB0F9C /* Image.swift */ = {isa = PBXFileReference; fileEncoding = 4; lastKnownFileType = sourcecode.swift; path = Image.swift; sourceTree = "<group>"; };
		63E2A79E230C4BF500EB0F9C /* OfferStatus.swift */ = {isa = PBXFileReference; fileEncoding = 4; lastKnownFileType = sourcecode.swift; path = OfferStatus.swift; sourceTree = "<group>"; };
		63E2A79F230C4BF600EB0F9C /* Schedule.swift */ = {isa = PBXFileReference; fileEncoding = 4; lastKnownFileType = sourcecode.swift; path = Schedule.swift; sourceTree = "<group>"; };
		63E2A7A0230C4BF600EB0F9C /* BeaconDetail.swift */ = {isa = PBXFileReference; fileEncoding = 4; lastKnownFileType = sourcecode.swift; path = BeaconDetail.swift; sourceTree = "<group>"; };
		63E2A7A1230C4BF700EB0F9C /* State.swift */ = {isa = PBXFileReference; fileEncoding = 4; lastKnownFileType = sourcecode.swift; path = State.swift; sourceTree = "<group>"; };
		63E2A7A2230C4BF700EB0F9C /* Showed.swift */ = {isa = PBXFileReference; fileEncoding = 4; lastKnownFileType = sourcecode.swift; path = Showed.swift; sourceTree = "<group>"; };
		63E2A7A3230C4BF800EB0F9C /* Keyword.swift */ = {isa = PBXFileReference; fileEncoding = 4; lastKnownFileType = sourcecode.swift; path = Keyword.swift; sourceTree = "<group>"; };
		63E2A7A4230C4BF800EB0F9C /* SantanderProduct.swift */ = {isa = PBXFileReference; fileEncoding = 4; lastKnownFileType = sourcecode.swift; path = SantanderProduct.swift; sourceTree = "<group>"; };
		63E2A7A5230C4BF900EB0F9C /* CommerceCount.swift */ = {isa = PBXFileReference; fileEncoding = 4; lastKnownFileType = sourcecode.swift; path = CommerceCount.swift; sourceTree = "<group>"; };
		63E2A7A6230C4BFA00EB0F9C /* Store.swift */ = {isa = PBXFileReference; fileEncoding = 4; lastKnownFileType = sourcecode.swift; path = Store.swift; sourceTree = "<group>"; };
		63E2A7A7230C4BFA00EB0F9C /* LocationGeofence.swift */ = {isa = PBXFileReference; fileEncoding = 4; lastKnownFileType = sourcecode.swift; path = LocationGeofence.swift; sourceTree = "<group>"; };
		63E2A7A8230C4BFB00EB0F9C /* Rating.swift */ = {isa = PBXFileReference; fileEncoding = 4; lastKnownFileType = sourcecode.swift; path = Rating.swift; sourceTree = "<group>"; };
		63E2A7A9230C4BFB00EB0F9C /* Beacon.swift */ = {isa = PBXFileReference; fileEncoding = 4; lastKnownFileType = sourcecode.swift; path = Beacon.swift; sourceTree = "<group>"; };
		63E2A7AA230C4BFC00EB0F9C /* TakeCodeType.swift */ = {isa = PBXFileReference; fileEncoding = 4; lastKnownFileType = sourcecode.swift; path = TakeCodeType.swift; sourceTree = "<group>"; };
		63E2A7AB230C4BFC00EB0F9C /* Company.swift */ = {isa = PBXFileReference; fileEncoding = 4; lastKnownFileType = sourcecode.swift; path = Company.swift; sourceTree = "<group>"; };
		63E2A7AC230C4BFD00EB0F9C /* Country.swift */ = {isa = PBXFileReference; fileEncoding = 4; lastKnownFileType = sourcecode.swift; path = Country.swift; sourceTree = "<group>"; };
		63E2A7AD230C4BFE00EB0F9C /* OfferTakenSum.swift */ = {isa = PBXFileReference; fileEncoding = 4; lastKnownFileType = sourcecode.swift; path = OfferTakenSum.swift; sourceTree = "<group>"; };
		63E2A7AE230C4BFE00EB0F9C /* OfferType.swift */ = {isa = PBXFileReference; fileEncoding = 4; lastKnownFileType = sourcecode.swift; path = OfferType.swift; sourceTree = "<group>"; };
		63E2A7AF230C4BFF00EB0F9C /* Article.swift */ = {isa = PBXFileReference; fileEncoding = 4; lastKnownFileType = sourcecode.swift; path = Article.swift; sourceTree = "<group>"; };
		63E2A7B0230C4BFF00EB0F9C /* Configurations.swift */ = {isa = PBXFileReference; fileEncoding = 4; lastKnownFileType = sourcecode.swift; path = Configurations.swift; sourceTree = "<group>"; };
		63E2A7B1230C4C0000EB0F9C /* Menu.swift */ = {isa = PBXFileReference; fileEncoding = 4; lastKnownFileType = sourcecode.swift; path = Menu.swift; sourceTree = "<group>"; };
		63E2A7B2230C4C0100EB0F9C /* ReportReason.swift */ = {isa = PBXFileReference; fileEncoding = 4; lastKnownFileType = sourcecode.swift; path = ReportReason.swift; sourceTree = "<group>"; };
		63E2A7B3230C4C0100EB0F9C /* BeaconTrack.swift */ = {isa = PBXFileReference; fileEncoding = 4; lastKnownFileType = sourcecode.swift; path = BeaconTrack.swift; sourceTree = "<group>"; };
		63E2A7B4230C4C0200EB0F9C /* UserCount.swift */ = {isa = PBXFileReference; fileEncoding = 4; lastKnownFileType = sourcecode.swift; path = UserCount.swift; sourceTree = "<group>"; };
		63E2A7B5230C4C0200EB0F9C /* ArticlesResponse.swift */ = {isa = PBXFileReference; fileEncoding = 4; lastKnownFileType = sourcecode.swift; path = ArticlesResponse.swift; sourceTree = "<group>"; };
		63E2A7B6230C4C0300EB0F9C /* Mall.swift */ = {isa = PBXFileReference; fileEncoding = 4; lastKnownFileType = sourcecode.swift; path = Mall.swift; sourceTree = "<group>"; };
		63E2A7B7230C4C0400EB0F9C /* MaritalStatus.swift */ = {isa = PBXFileReference; fileEncoding = 4; lastKnownFileType = sourcecode.swift; path = MaritalStatus.swift; sourceTree = "<group>"; };
		63E2A7B8230C4C0400EB0F9C /* FiltersCategories.swift */ = {isa = PBXFileReference; fileEncoding = 4; lastKnownFileType = sourcecode.swift; path = FiltersCategories.swift; sourceTree = "<group>"; };
		63E2A7B9230C4C0500EB0F9C /* Geofence.swift */ = {isa = PBXFileReference; fileEncoding = 4; lastKnownFileType = sourcecode.swift; path = Geofence.swift; sourceTree = "<group>"; };
		63E2A7BA230C4C0500EB0F9C /* OfferSum.swift */ = {isa = PBXFileReference; fileEncoding = 4; lastKnownFileType = sourcecode.swift; path = OfferSum.swift; sourceTree = "<group>"; };
		63E2A7BB230C4C0700EB0F9C /* UserRating.swift */ = {isa = PBXFileReference; fileEncoding = 4; lastKnownFileType = sourcecode.swift; path = UserRating.swift; sourceTree = "<group>"; };
		63E2A7BC230C4C0900EB0F9C /* Heartbeat.swift */ = {isa = PBXFileReference; fileEncoding = 4; lastKnownFileType = sourcecode.swift; path = Heartbeat.swift; sourceTree = "<group>"; };
		63E2A7BD230C4C0B00EB0F9C /* Offer.swift */ = {isa = PBXFileReference; fileEncoding = 4; lastKnownFileType = sourcecode.swift; path = Offer.swift; sourceTree = "<group>"; };
		63E2A7BE230C4C0C00EB0F9C /* BeaconInstallationType.swift */ = {isa = PBXFileReference; fileEncoding = 4; lastKnownFileType = sourcecode.swift; path = BeaconInstallationType.swift; sourceTree = "<group>"; };
		63E2A7BF230C4C0C00EB0F9C /* Category.swift */ = {isa = PBXFileReference; fileEncoding = 4; lastKnownFileType = sourcecode.swift; path = Category.swift; sourceTree = "<group>"; };
		63E2A7C0230C4C0D00EB0F9C /* OfferTaken.swift */ = {isa = PBXFileReference; fileEncoding = 4; lastKnownFileType = sourcecode.swift; path = OfferTaken.swift; sourceTree = "<group>"; };
		63E2A7C1230C4C0E00EB0F9C /* BeaconInstallation.swift */ = {isa = PBXFileReference; fileEncoding = 4; lastKnownFileType = sourcecode.swift; path = BeaconInstallation.swift; sourceTree = "<group>"; };
		63E2A7C2230C4C0E00EB0F9C /* ApiError.swift */ = {isa = PBXFileReference; fileEncoding = 4; lastKnownFileType = sourcecode.swift; path = ApiError.swift; sourceTree = "<group>"; };
		63E2A7C3230C4C0F00EB0F9C /* ExternalInfo.swift */ = {isa = PBXFileReference; fileEncoding = 4; lastKnownFileType = sourcecode.swift; path = ExternalInfo.swift; sourceTree = "<group>"; };
		63E2A7C4230C4C0F00EB0F9C /* UserStatus.swift */ = {isa = PBXFileReference; fileEncoding = 4; lastKnownFileType = sourcecode.swift; path = UserStatus.swift; sourceTree = "<group>"; };
		63E2A7C5230C4C1000EB0F9C /* WhoAmI.swift */ = {isa = PBXFileReference; fileEncoding = 4; lastKnownFileType = sourcecode.swift; path = WhoAmI.swift; sourceTree = "<group>"; };
		63E2A7C6230C4C1100EB0F9C /* BeaconFirmware.swift */ = {isa = PBXFileReference; fileEncoding = 4; lastKnownFileType = sourcecode.swift; path = BeaconFirmware.swift; sourceTree = "<group>"; };
		63E2A7C7230C4C1100EB0F9C /* ReportSucursal.swift */ = {isa = PBXFileReference; fileEncoding = 4; lastKnownFileType = sourcecode.swift; path = ReportSucursal.swift; sourceTree = "<group>"; };
		63E2A7C8230C4C1300EB0F9C /* BeaconAnnouncement.swift */ = {isa = PBXFileReference; fileEncoding = 4; lastKnownFileType = sourcecode.swift; path = BeaconAnnouncement.swift; sourceTree = "<group>"; };
		63E2A7C9230C4C1300EB0F9C /* CustomColors.swift */ = {isa = PBXFileReference; fileEncoding = 4; lastKnownFileType = sourcecode.swift; path = CustomColors.swift; sourceTree = "<group>"; };
		63E2A7CA230C4C1400EB0F9C /* OfferCount.swift */ = {isa = PBXFileReference; fileEncoding = 4; lastKnownFileType = sourcecode.swift; path = OfferCount.swift; sourceTree = "<group>"; };
		63E2A7CB230C4C1400EB0F9C /* Commerce.swift */ = {isa = PBXFileReference; fileEncoding = 4; lastKnownFileType = sourcecode.swift; path = Commerce.swift; sourceTree = "<group>"; };
		63E2A7CC230C4C1500EB0F9C /* Images.swift */ = {isa = PBXFileReference; fileEncoding = 4; lastKnownFileType = sourcecode.swift; path = Images.swift; sourceTree = "<group>"; };
		63E2A80D230C5F5600EB0F9C /* StatusCode.swift */ = {isa = PBXFileReference; lastKnownFileType = sourcecode.swift; path = StatusCode.swift; sourceTree = "<group>"; };
		63E2A81D230C65C500EB0F9C /* a4SysCoreIOS.framework */ = {isa = PBXFileReference; lastKnownFileType = wrapper.framework; path = a4SysCoreIOS.framework; sourceTree = "<group>"; };
		C70876081F39164773A7C592 /* Pods_baseApp.framework */ = {isa = PBXFileReference; explicitFileType = wrapper.framework; includeInIndex = 0; path = Pods_baseApp.framework; sourceTree = BUILT_PRODUCTS_DIR; };
		EF24AB6688F46C12E0D8820E /* Pods-baseApp.debug.xcconfig */ = {isa = PBXFileReference; includeInIndex = 1; lastKnownFileType = text.xcconfig; name = "Pods-baseApp.debug.xcconfig"; path = "Target Support Files/Pods-baseApp/Pods-baseApp.debug.xcconfig"; sourceTree = "<group>"; };
/* End PBXFileReference section */

/* Begin PBXFrameworksBuildPhase section */
		6311E36922FB5335008F3328 /* Frameworks */ = {
			isa = PBXFrameworksBuildPhase;
			buildActionMask = 2147483647;
			files = (
				63E2A81E230C65C500EB0F9C /* a4SysCoreIOS.framework in Frameworks */,
				67D156784708F3A8BE66DFA2 /* Pods_baseApp.framework in Frameworks */,
			);
			runOnlyForDeploymentPostprocessing = 0;
		};
/* End PBXFrameworksBuildPhase section */

/* Begin PBXGroup section */
		4ED8B937454B20F69FB26394 /* Pods */ = {
			isa = PBXGroup;
			children = (
				EF24AB6688F46C12E0D8820E /* Pods-baseApp.debug.xcconfig */,
				31E428CDFCB278E40E73C317 /* Pods-baseApp.release.xcconfig */,
			);
			path = Pods;
			sourceTree = "<group>";
		};
		5DF5965C1E9D5AB058A051E4 /* Frameworks */ = {
			isa = PBXGroup;
			children = (
				C70876081F39164773A7C592 /* Pods_baseApp.framework */,
			);
			name = Frameworks;
			sourceTree = "<group>";
		};
		6311E36322FB5335008F3328 = {
			isa = PBXGroup;
			children = (
				6311E36E22FB5335008F3328 /* baseApp */,
				6311E36D22FB5335008F3328 /* Products */,
				4ED8B937454B20F69FB26394 /* Pods */,
				5DF5965C1E9D5AB058A051E4 /* Frameworks */,
			);
			sourceTree = "<group>";
		};
		6311E36D22FB5335008F3328 /* Products */ = {
			isa = PBXGroup;
			children = (
				6311E36C22FB5335008F3328 /* baseApp.app */,
			);
			name = Products;
			sourceTree = "<group>";
		};
		6311E36E22FB5335008F3328 /* baseApp */ = {
			isa = PBXGroup;
			children = (
				63E2A769230B000000EB0F9C /* newFrame */,
				63E2A80C230C5F3200EB0F9C /* API */,
				63E2A799230C4B7E00EB0F9C /* Models */,
				63755E3A22FDD62F00D161FA /* Extensions */,
				63755E3722FDD59B00D161FA /* Utils */,
				63755D7522FDCA3300D161FA /* Resources */,
				63755D7222FDC9E800D161FA /* Controllers */,
				63755D6F22FDC9D200D161FA /* views */,
				6311E36F22FB5335008F3328 /* AppDelegate.swift */,
				6311E37122FB5335008F3328 /* ViewController.swift */,
				6311E37322FB5335008F3328 /* Main.storyboard */,
				6311E37822FB5341008F3328 /* LaunchScreen.storyboard */,
				6311E37B22FB5341008F3328 /* Info.plist */,
			);
			path = baseApp;
			sourceTree = "<group>";
		};
		63755D6F22FDC9D200D161FA /* views */ = {
			isa = PBXGroup;
			children = (
				63755E4222FDF17700D161FA /* LoginVC.xib */,
			);
			path = views;
			sourceTree = "<group>";
		};
		63755D7222FDC9E800D161FA /* Controllers */ = {
			isa = PBXGroup;
			children = (
				63755D8322FDCC8000D161FA /* BViewController.swift */,
				63755E4122FDF17700D161FA /* LoginVC.swift */,
			);
			path = Controllers;
			sourceTree = "<group>";
		};
		63755D7522FDCA3300D161FA /* Resources */ = {
			isa = PBXGroup;
			children = (
				63755E3422FDD3A900D161FA /* Constants */,
				63755D7E22FDCA8800D161FA /* images */,
				63755D7922FDCA6700D161FA /* Fonts */,
				63755D7622FDCA4500D161FA /* Strings */,
			);
			path = Resources;
			sourceTree = "<group>";
		};
		63755D7622FDCA4500D161FA /* Strings */ = {
			isa = PBXGroup;
			children = (
				63755D7722FDCA5700D161FA /* Localizable.strings */,
			);
			path = Strings;
			sourceTree = "<group>";
		};
		63755D7922FDCA6700D161FA /* Fonts */ = {
			isa = PBXGroup;
			children = (
				63755D7A22FDCA7700D161FA /* Como-Bold.ttf */,
				63755D7B22FDCA7800D161FA /* Como-Regular.ttf */,
			);
			path = Fonts;
			sourceTree = "<group>";
		};
		63755D7E22FDCA8800D161FA /* images */ = {
			isa = PBXGroup;
			children = (
				63755D7F22FDCABF00D161FA /* Assets.xcassets */,
			);
			path = images;
			sourceTree = "<group>";
		};
		63755E3422FDD3A900D161FA /* Constants */ = {
			isa = PBXGroup;
			children = (
				63755E3522FDD3B300D161FA /* Constants.swift */,
			);
			path = Constants;
			sourceTree = "<group>";
		};
		63755E3722FDD59B00D161FA /* Utils */ = {
			isa = PBXGroup;
			children = (
				63755E3822FDD5A800D161FA /* Commons.swift */,
				63E2A797230C49D200EB0F9C /* TTGSnackbar.swift */,
			);
			path = Utils;
			sourceTree = "<group>";
		};
		63755E3A22FDD62F00D161FA /* Extensions */ = {
			isa = PBXGroup;
			children = (
				63755E3D22FDD7A000D161FA /* StringExtension.swift */,
				63755E3B22FDD63B00D161FA /* UIColorExtension.swift */,
			);
			path = Extensions;
			sourceTree = "<group>";
		};
		63E2A769230B000000EB0F9C /* newFrame */ = {
			isa = PBXGroup;
			children = (
				63E2A81D230C65C500EB0F9C /* a4SysCoreIOS.framework */,
			);
			path = newFrame;
			sourceTree = "<group>";
		};
		63E2A799230C4B7E00EB0F9C /* Models */ = {
			isa = PBXGroup;
			children = (
				63E2A7C2230C4C0E00EB0F9C /* ApiError.swift */,
				63E2A7AF230C4BFF00EB0F9C /* Article.swift */,
				63E2A7B5230C4C0200EB0F9C /* ArticlesResponse.swift */,
				63E2A7A9230C4BFB00EB0F9C /* Beacon.swift */,
				63E2A7C8230C4C1300EB0F9C /* BeaconAnnouncement.swift */,
				63E2A7A0230C4BF600EB0F9C /* BeaconDetail.swift */,
				63E2A7C6230C4C1100EB0F9C /* BeaconFirmware.swift */,
				63E2A7C1230C4C0E00EB0F9C /* BeaconInstallation.swift */,
				63E2A7BE230C4C0C00EB0F9C /* BeaconInstallationType.swift */,
				63E2A7B3230C4C0100EB0F9C /* BeaconTrack.swift */,
				63E2A7BF230C4C0C00EB0F9C /* Category.swift */,
				63E2A7CB230C4C1400EB0F9C /* Commerce.swift */,
				63E2A7A5230C4BF900EB0F9C /* CommerceCount.swift */,
				63E2A7AB230C4BFC00EB0F9C /* Company.swift */,
				63E2A7B0230C4BFF00EB0F9C /* Configurations.swift */,
				63E2A7AC230C4BFD00EB0F9C /* Country.swift */,
				63E2A7C9230C4C1300EB0F9C /* CustomColors.swift */,
				63E2A79B230C4BF300EB0F9C /* Customer.swift */,
				63E2A7C3230C4C0F00EB0F9C /* ExternalInfo.swift */,
				63E2A7B8230C4C0400EB0F9C /* FiltersCategories.swift */,
				63E2A7B9230C4C0500EB0F9C /* Geofence.swift */,
				63E2A7BC230C4C0900EB0F9C /* Heartbeat.swift */,
				63E2A79D230C4BF400EB0F9C /* Image.swift */,
				63E2A7CC230C4C1500EB0F9C /* Images.swift */,
				63E2A7A3230C4BF800EB0F9C /* Keyword.swift */,
				63E2A7A7230C4BFA00EB0F9C /* LocationGeofence.swift */,
				63E2A7B6230C4C0300EB0F9C /* Mall.swift */,
				63E2A7B7230C4C0400EB0F9C /* MaritalStatus.swift */,
				63E2A7B1230C4C0000EB0F9C /* Menu.swift */,
				63E2A7BD230C4C0B00EB0F9C /* Offer.swift */,
				63E2A7CA230C4C1400EB0F9C /* OfferCount.swift */,
				63E2A79E230C4BF500EB0F9C /* OfferStatus.swift */,
				63E2A7BA230C4C0500EB0F9C /* OfferSum.swift */,
				63E2A7C0230C4C0D00EB0F9C /* OfferTaken.swift */,
				63E2A7AD230C4BFE00EB0F9C /* OfferTakenSum.swift */,
				63E2A7AE230C4BFE00EB0F9C /* OfferType.swift */,
				63E2A7A8230C4BFB00EB0F9C /* Rating.swift */,
				63E2A7B2230C4C0100EB0F9C /* ReportReason.swift */,
				63E2A7C7230C4C1100EB0F9C /* ReportSucursal.swift */,
				63E2A7A4230C4BF800EB0F9C /* SantanderProduct.swift */,
				63E2A79F230C4BF600EB0F9C /* Schedule.swift */,
				63E2A7A2230C4BF700EB0F9C /* Showed.swift */,
				63E2A7A1230C4BF700EB0F9C /* State.swift */,
				63E2A7A6230C4BFA00EB0F9C /* Store.swift */,
				63E2A7AA230C4BFC00EB0F9C /* TakeCodeType.swift */,
				63E2A79C230C4BF300EB0F9C /* User.swift */,
				63E2A7B4230C4C0200EB0F9C /* UserCount.swift */,
				63E2A7BB230C4C0700EB0F9C /* UserRating.swift */,
				63E2A7C4230C4C0F00EB0F9C /* UserStatus.swift */,
				63E2A7C5230C4C1000EB0F9C /* WhoAmI.swift */,
				63E2A79A230C4BF200EB0F9C /* ZoneImg.swift */,
			);
			path = Models;
			sourceTree = "<group>";
		};
		63E2A80C230C5F3200EB0F9C /* API */ = {
			isa = PBXGroup;
			children = (
				63E2A80D230C5F5600EB0F9C /* StatusCode.swift */,
			);
			path = API;
			sourceTree = "<group>";
		};
/* End PBXGroup section */

/* Begin PBXNativeTarget section */
		6311E36B22FB5335008F3328 /* baseApp */ = {
			isa = PBXNativeTarget;
			buildConfigurationList = 6311E37E22FB5341008F3328 /* Build configuration list for PBXNativeTarget "baseApp" */;
			buildPhases = (
				EE7D2252FB07DBB596D4277D /* [CP] Check Pods Manifest.lock */,
				6311E36822FB5335008F3328 /* Sources */,
				6311E36922FB5335008F3328 /* Frameworks */,
				6311E36A22FB5335008F3328 /* Resources */,
				6311E3A122FB7873008F3328 /* Embed Frameworks */,
				8E49B14A1100EEAEB4A1A2C1 /* [CP] Embed Pods Frameworks */,
			);
			buildRules = (
			);
			dependencies = (
			);
			name = baseApp;
			productName = baseApp;
			productReference = 6311E36C22FB5335008F3328 /* baseApp.app */;
			productType = "com.apple.product-type.application";
		};
/* End PBXNativeTarget section */

/* Begin PBXProject section */
		6311E36422FB5335008F3328 /* Project object */ = {
			isa = PBXProject;
			attributes = {
				LastSwiftUpdateCheck = 1030;
				LastUpgradeCheck = 1030;
				ORGANIZATIONNAME = Yopter;
				TargetAttributes = {
					6311E36B22FB5335008F3328 = {
						CreatedOnToolsVersion = 10.3;
					};
				};
			};
			buildConfigurationList = 6311E36722FB5335008F3328 /* Build configuration list for PBXProject "baseApp" */;
			compatibilityVersion = "Xcode 9.3";
			developmentRegion = en;
			hasScannedForEncodings = 0;
			knownRegions = (
				en,
				Base,
			);
			mainGroup = 6311E36322FB5335008F3328;
			productRefGroup = 6311E36D22FB5335008F3328 /* Products */;
			projectDirPath = "";
			projectRoot = "";
			targets = (
				6311E36B22FB5335008F3328 /* baseApp */,
			);
		};
/* End PBXProject section */

/* Begin PBXResourcesBuildPhase section */
		6311E36A22FB5335008F3328 /* Resources */ = {
			isa = PBXResourcesBuildPhase;
			buildActionMask = 2147483647;
			files = (
				63755E4422FDF17700D161FA /* LoginVC.xib in Resources */,
				63755D7822FDCA5700D161FA /* Localizable.strings in Resources */,
				63755D7C22FDCA7800D161FA /* Como-Bold.ttf in Resources */,
				6311E37A22FB5341008F3328 /* LaunchScreen.storyboard in Resources */,
				63755D7D22FDCA7800D161FA /* Como-Regular.ttf in Resources */,
				63755D8022FDCABF00D161FA /* Assets.xcassets in Resources */,
				6311E37522FB5335008F3328 /* Main.storyboard in Resources */,
			);
			runOnlyForDeploymentPostprocessing = 0;
		};
/* End PBXResourcesBuildPhase section */

/* Begin PBXShellScriptBuildPhase section */
		8E49B14A1100EEAEB4A1A2C1 /* [CP] Embed Pods Frameworks */ = {
			isa = PBXShellScriptBuildPhase;
			buildActionMask = 2147483647;
			files = (
			);
			inputFileListPaths = (
				"${PODS_ROOT}/Target Support Files/Pods-baseApp/Pods-baseApp-frameworks-${CONFIGURATION}-input-files.xcfilelist",
			);
			name = "[CP] Embed Pods Frameworks";
			outputFileListPaths = (
				"${PODS_ROOT}/Target Support Files/Pods-baseApp/Pods-baseApp-frameworks-${CONFIGURATION}-output-files.xcfilelist",
			);
			runOnlyForDeploymentPostprocessing = 0;
			shellPath = /bin/sh;
			shellScript = "\"${PODS_ROOT}/Target Support Files/Pods-baseApp/Pods-baseApp-frameworks.sh\"\n";
			showEnvVarsInLog = 0;
		};
		EE7D2252FB07DBB596D4277D /* [CP] Check Pods Manifest.lock */ = {
			isa = PBXShellScriptBuildPhase;
			buildActionMask = 2147483647;
			files = (
			);
			inputFileListPaths = (
			);
			inputPaths = (
				"${PODS_PODFILE_DIR_PATH}/Podfile.lock",
				"${PODS_ROOT}/Manifest.lock",
			);
			name = "[CP] Check Pods Manifest.lock";
			outputFileListPaths = (
			);
			outputPaths = (
				"$(DERIVED_FILE_DIR)/Pods-baseApp-checkManifestLockResult.txt",
			);
			runOnlyForDeploymentPostprocessing = 0;
			shellPath = /bin/sh;
			shellScript = "diff \"${PODS_PODFILE_DIR_PATH}/Podfile.lock\" \"${PODS_ROOT}/Manifest.lock\" > /dev/null\nif [ $? != 0 ] ; then\n    # print error to STDERR\n    echo \"error: The sandbox is not in sync with the Podfile.lock. Run 'pod install' or update your CocoaPods installation.\" >&2\n    exit 1\nfi\n# This output is used by Xcode 'outputs' to avoid re-running this script phase.\necho \"SUCCESS\" > \"${SCRIPT_OUTPUT_FILE_0}\"\n";
			showEnvVarsInLog = 0;
		};
/* End PBXShellScriptBuildPhase section */

/* Begin PBXSourcesBuildPhase section */
		6311E36822FB5335008F3328 /* Sources */ = {
			isa = PBXSourcesBuildPhase;
			buildActionMask = 2147483647;
			files = (
				63E2A7E8230C4C1500EB0F9C /* ArticlesResponse.swift in Sources */,
				63E2A7EB230C4C1500EB0F9C /* FiltersCategories.swift in Sources */,
				63E2A7DF230C4C1500EB0F9C /* Country.swift in Sources */,
				63E2A7E5230C4C1500EB0F9C /* ReportReason.swift in Sources */,
				63E2A7EC230C4C1500EB0F9C /* Geofence.swift in Sources */,
				63E2A7FA230C4C1500EB0F9C /* ReportSucursal.swift in Sources */,
				63755E3622FDD3B300D161FA /* Constants.swift in Sources */,
				63E2A7CD230C4C1500EB0F9C /* ZoneImg.swift in Sources */,
				63E2A7DC230C4C1500EB0F9C /* Beacon.swift in Sources */,
				63E2A7E6230C4C1500EB0F9C /* BeaconTrack.swift in Sources */,
				63755E3C22FDD63B00D161FA /* UIColorExtension.swift in Sources */,
				63E2A7D2230C4C1500EB0F9C /* Schedule.swift in Sources */,
				63755E4322FDF17700D161FA /* LoginVC.swift in Sources */,
				63E2A7FE230C4C1500EB0F9C /* Commerce.swift in Sources */,
				6311E37222FB5335008F3328 /* ViewController.swift in Sources */,
				63E2A7E0230C4C1500EB0F9C /* OfferTakenSum.swift in Sources */,
				63E2A7EF230C4C1500EB0F9C /* Heartbeat.swift in Sources */,
				63E2A7FC230C4C1500EB0F9C /* CustomColors.swift in Sources */,
				63E2A798230C49D200EB0F9C /* TTGSnackbar.swift in Sources */,
				63E2A7FD230C4C1500EB0F9C /* OfferCount.swift in Sources */,
				63E2A7F3230C4C1500EB0F9C /* OfferTaken.swift in Sources */,
				63E2A7E1230C4C1500EB0F9C /* OfferType.swift in Sources */,
				63E2A7F2230C4C1500EB0F9C /* Category.swift in Sources */,
				63E2A7F8230C4C1500EB0F9C /* WhoAmI.swift in Sources */,
				63E2A7DA230C4C1500EB0F9C /* LocationGeofence.swift in Sources */,
				63E2A7D0230C4C1500EB0F9C /* Image.swift in Sources */,
				63E2A7ED230C4C1500EB0F9C /* OfferSum.swift in Sources */,
				63E2A7F7230C4C1500EB0F9C /* UserStatus.swift in Sources */,
				63E2A7D3230C4C1500EB0F9C /* BeaconDetail.swift in Sources */,
				63E2A7F5230C4C1500EB0F9C /* ApiError.swift in Sources */,
				63755D8422FDCC8000D161FA /* BViewController.swift in Sources */,
				63E2A7CE230C4C1500EB0F9C /* Customer.swift in Sources */,
				63E2A7DB230C4C1500EB0F9C /* Rating.swift in Sources */,
				63E2A7F0230C4C1500EB0F9C /* Offer.swift in Sources */,
				63E2A7CF230C4C1500EB0F9C /* User.swift in Sources */,
				63755E3E22FDD7A000D161FA /* StringExtension.swift in Sources */,
				63E2A7D8230C4C1500EB0F9C /* CommerceCount.swift in Sources */,
				63E2A7FF230C4C1500EB0F9C /* Images.swift in Sources */,
				63E2A7D4230C4C1500EB0F9C /* State.swift in Sources */,
				6311E37022FB5335008F3328 /* AppDelegate.swift in Sources */,
				63E2A7DD230C4C1500EB0F9C /* TakeCodeType.swift in Sources */,
				63E2A7EE230C4C1500EB0F9C /* UserRating.swift in Sources */,
				63E2A7FB230C4C1500EB0F9C /* BeaconAnnouncement.swift in Sources */,
				63E2A7DE230C4C1500EB0F9C /* Company.swift in Sources */,
				63E2A7F9230C4C1500EB0F9C /* BeaconFirmware.swift in Sources */,
				63E2A7D1230C4C1500EB0F9C /* OfferStatus.swift in Sources */,
				63E2A7D9230C4C1500EB0F9C /* Store.swift in Sources */,
				63E2A7F1230C4C1500EB0F9C /* BeaconInstallationType.swift in Sources */,
				63E2A7E3230C4C1500EB0F9C /* Configurations.swift in Sources */,
				63E2A7E4230C4C1500EB0F9C /* Menu.swift in Sources */,
				63E2A7E2230C4C1500EB0F9C /* Article.swift in Sources */,
				63755E3922FDD5A800D161FA /* Commons.swift in Sources */,
				63E2A7E9230C4C1500EB0F9C /* Mall.swift in Sources */,
				63E2A7D5230C4C1500EB0F9C /* Showed.swift in Sources */,
				63E2A80E230C5F5600EB0F9C /* StatusCode.swift in Sources */,
				63E2A7D7230C4C1500EB0F9C /* SantanderProduct.swift in Sources */,
				63E2A7F4230C4C1500EB0F9C /* BeaconInstallation.swift in Sources */,
				63E2A7E7230C4C1500EB0F9C /* UserCount.swift in Sources */,
				63E2A7F6230C4C1500EB0F9C /* ExternalInfo.swift in Sources */,
				63E2A7D6230C4C1500EB0F9C /* Keyword.swift in Sources */,
				63E2A7EA230C4C1500EB0F9C /* MaritalStatus.swift in Sources */,
			);
			runOnlyForDeploymentPostprocessing = 0;
		};
/* End PBXSourcesBuildPhase section */

/* Begin PBXVariantGroup section */
		6311E37322FB5335008F3328 /* Main.storyboard */ = {
			isa = PBXVariantGroup;
			children = (
				6311E37422FB5335008F3328 /* Base */,
			);
			name = Main.storyboard;
			sourceTree = "<group>";
		};
		6311E37822FB5341008F3328 /* LaunchScreen.storyboard */ = {
			isa = PBXVariantGroup;
			children = (
				6311E37922FB5341008F3328 /* Base */,
			);
			name = LaunchScreen.storyboard;
			sourceTree = "<group>";
		};
/* End PBXVariantGroup section */

/* Begin XCBuildConfiguration section */
		6311E37C22FB5341008F3328 /* Debug */ = {
			isa = XCBuildConfiguration;
			buildSettings = {
				ALWAYS_SEARCH_USER_PATHS = NO;
				CLANG_ANALYZER_NONNULL = YES;
				CLANG_ANALYZER_NUMBER_OBJECT_CONVERSION = YES_AGGRESSIVE;
				CLANG_CXX_LANGUAGE_STANDARD = "gnu++14";
				CLANG_CXX_LIBRARY = "libc++";
				CLANG_ENABLE_MODULES = YES;
				CLANG_ENABLE_OBJC_ARC = YES;
				CLANG_ENABLE_OBJC_WEAK = YES;
				CLANG_WARN_BLOCK_CAPTURE_AUTORELEASING = YES;
				CLANG_WARN_BOOL_CONVERSION = YES;
				CLANG_WARN_COMMA = YES;
				CLANG_WARN_CONSTANT_CONVERSION = YES;
				CLANG_WARN_DEPRECATED_OBJC_IMPLEMENTATIONS = YES;
				CLANG_WARN_DIRECT_OBJC_ISA_USAGE = YES_ERROR;
				CLANG_WARN_DOCUMENTATION_COMMENTS = YES;
				CLANG_WARN_EMPTY_BODY = YES;
				CLANG_WARN_ENUM_CONVERSION = YES;
				CLANG_WARN_INFINITE_RECURSION = YES;
				CLANG_WARN_INT_CONVERSION = YES;
				CLANG_WARN_NON_LITERAL_NULL_CONVERSION = YES;
				CLANG_WARN_OBJC_IMPLICIT_RETAIN_SELF = YES;
				CLANG_WARN_OBJC_LITERAL_CONVERSION = YES;
				CLANG_WARN_OBJC_ROOT_CLASS = YES_ERROR;
				CLANG_WARN_RANGE_LOOP_ANALYSIS = YES;
				CLANG_WARN_STRICT_PROTOTYPES = YES;
				CLANG_WARN_SUSPICIOUS_MOVE = YES;
				CLANG_WARN_UNGUARDED_AVAILABILITY = YES_AGGRESSIVE;
				CLANG_WARN_UNREACHABLE_CODE = YES;
				CLANG_WARN__DUPLICATE_METHOD_MATCH = YES;
				CODE_SIGN_IDENTITY = "iPhone Developer";
				COPY_PHASE_STRIP = NO;
				DEBUG_INFORMATION_FORMAT = dwarf;
				ENABLE_STRICT_OBJC_MSGSEND = YES;
				ENABLE_TESTABILITY = YES;
				GCC_C_LANGUAGE_STANDARD = gnu11;
				GCC_DYNAMIC_NO_PIC = NO;
				GCC_NO_COMMON_BLOCKS = YES;
				GCC_OPTIMIZATION_LEVEL = 0;
				GCC_PREPROCESSOR_DEFINITIONS = (
					"DEBUG=1",
					"$(inherited)",
				);
				GCC_WARN_64_TO_32_BIT_CONVERSION = YES;
				GCC_WARN_ABOUT_RETURN_TYPE = YES_ERROR;
				GCC_WARN_UNDECLARED_SELECTOR = YES;
				GCC_WARN_UNINITIALIZED_AUTOS = YES_AGGRESSIVE;
				GCC_WARN_UNUSED_FUNCTION = YES;
				GCC_WARN_UNUSED_VARIABLE = YES;
				IPHONEOS_DEPLOYMENT_TARGET = 12.4;
				MTL_ENABLE_DEBUG_INFO = INCLUDE_SOURCE;
				MTL_FAST_MATH = YES;
				ONLY_ACTIVE_ARCH = YES;
				SDKROOT = iphoneos;
				SWIFT_ACTIVE_COMPILATION_CONDITIONS = DEBUG;
				SWIFT_OPTIMIZATION_LEVEL = "-Onone";
			};
			name = Debug;
		};
		6311E37D22FB5341008F3328 /* Release */ = {
			isa = XCBuildConfiguration;
			buildSettings = {
				ALWAYS_SEARCH_USER_PATHS = NO;
				CLANG_ANALYZER_NONNULL = YES;
				CLANG_ANALYZER_NUMBER_OBJECT_CONVERSION = YES_AGGRESSIVE;
				CLANG_CXX_LANGUAGE_STANDARD = "gnu++14";
				CLANG_CXX_LIBRARY = "libc++";
				CLANG_ENABLE_MODULES = YES;
				CLANG_ENABLE_OBJC_ARC = YES;
				CLANG_ENABLE_OBJC_WEAK = YES;
				CLANG_WARN_BLOCK_CAPTURE_AUTORELEASING = YES;
				CLANG_WARN_BOOL_CONVERSION = YES;
				CLANG_WARN_COMMA = YES;
				CLANG_WARN_CONSTANT_CONVERSION = YES;
				CLANG_WARN_DEPRECATED_OBJC_IMPLEMENTATIONS = YES;
				CLANG_WARN_DIRECT_OBJC_ISA_USAGE = YES_ERROR;
				CLANG_WARN_DOCUMENTATION_COMMENTS = YES;
				CLANG_WARN_EMPTY_BODY = YES;
				CLANG_WARN_ENUM_CONVERSION = YES;
				CLANG_WARN_INFINITE_RECURSION = YES;
				CLANG_WARN_INT_CONVERSION = YES;
				CLANG_WARN_NON_LITERAL_NULL_CONVERSION = YES;
				CLANG_WARN_OBJC_IMPLICIT_RETAIN_SELF = YES;
				CLANG_WARN_OBJC_LITERAL_CONVERSION = YES;
				CLANG_WARN_OBJC_ROOT_CLASS = YES_ERROR;
				CLANG_WARN_RANGE_LOOP_ANALYSIS = YES;
				CLANG_WARN_STRICT_PROTOTYPES = YES;
				CLANG_WARN_SUSPICIOUS_MOVE = YES;
				CLANG_WARN_UNGUARDED_AVAILABILITY = YES_AGGRESSIVE;
				CLANG_WARN_UNREACHABLE_CODE = YES;
				CLANG_WARN__DUPLICATE_METHOD_MATCH = YES;
				CODE_SIGN_IDENTITY = "iPhone Developer";
				COPY_PHASE_STRIP = NO;
				DEBUG_INFORMATION_FORMAT = "dwarf-with-dsym";
				ENABLE_NS_ASSERTIONS = NO;
				ENABLE_STRICT_OBJC_MSGSEND = YES;
				GCC_C_LANGUAGE_STANDARD = gnu11;
				GCC_NO_COMMON_BLOCKS = YES;
				GCC_WARN_64_TO_32_BIT_CONVERSION = YES;
				GCC_WARN_ABOUT_RETURN_TYPE = YES_ERROR;
				GCC_WARN_UNDECLARED_SELECTOR = YES;
				GCC_WARN_UNINITIALIZED_AUTOS = YES_AGGRESSIVE;
				GCC_WARN_UNUSED_FUNCTION = YES;
				GCC_WARN_UNUSED_VARIABLE = YES;
				IPHONEOS_DEPLOYMENT_TARGET = 12.4;
				MTL_ENABLE_DEBUG_INFO = NO;
				MTL_FAST_MATH = YES;
				SDKROOT = iphoneos;
				SWIFT_COMPILATION_MODE = wholemodule;
				SWIFT_OPTIMIZATION_LEVEL = "-O";
				VALIDATE_PRODUCT = YES;
			};
			name = Release;
		};
		6311E37F22FB5341008F3328 /* Debug */ = {
			isa = XCBuildConfiguration;
			baseConfigurationReference = EF24AB6688F46C12E0D8820E /* Pods-baseApp.debug.xcconfig */;
			buildSettings = {
				ASSETCATALOG_COMPILER_APPICON_NAME = AppIcon;
				ASSETCATALOG_COMPILER_LAUNCHIMAGE_NAME = LaunchImage;
				CODE_SIGN_STYLE = Automatic;
				DEVELOPMENT_TEAM = PAAS8HF76V;
				FRAMEWORK_SEARCH_PATHS = (
					"$(inherited)",
					"$(PROJECT_DIR)/baseApp",
					"$(PROJECT_DIR)",
					"$(PROJECT_DIR)/baseApp/newFrame",
				);
				INFOPLIST_FILE = baseApp/Info.plist;
				IPHONEOS_DEPLOYMENT_TARGET = 10.0;
				LD_RUNPATH_SEARCH_PATHS = (
					"$(inherited)",
					"@executable_path/Frameworks",
				);
				PRODUCT_BUNDLE_IDENTIFIER = wwww.baseApp.asas;
				PRODUCT_NAME = "$(TARGET_NAME)";
				SWIFT_VERSION = 4.2;
				TARGETED_DEVICE_FAMILY = "1,2";
			};
			name = Debug;
		};
		6311E38022FB5341008F3328 /* Release */ = {
			isa = XCBuildConfiguration;
			baseConfigurationReference = 31E428CDFCB278E40E73C317 /* Pods-baseApp.release.xcconfig */;
			buildSettings = {
				ASSETCATALOG_COMPILER_APPICON_NAME = AppIcon;
				ASSETCATALOG_COMPILER_LAUNCHIMAGE_NAME = LaunchImage;
				CODE_SIGN_STYLE = Automatic;
				DEVELOPMENT_TEAM = PAAS8HF76V;
				FRAMEWORK_SEARCH_PATHS = (
					"$(inherited)",
					"$(PROJECT_DIR)/baseApp",
					"$(PROJECT_DIR)",
					"$(PROJECT_DIR)/baseApp/newFrame",
				);
				INFOPLIST_FILE = baseApp/Info.plist;
				IPHONEOS_DEPLOYMENT_TARGET = 10.0;
				LD_RUNPATH_SEARCH_PATHS = (
					"$(inherited)",
					"@executable_path/Frameworks",
				);
				PRODUCT_BUNDLE_IDENTIFIER = wwww.baseApp.asas;
				PRODUCT_NAME = "$(TARGET_NAME)";
				SWIFT_VERSION = 4.2;
				TARGETED_DEVICE_FAMILY = "1,2";
			};
			name = Release;
		};
/* End XCBuildConfiguration section */

/* Begin XCConfigurationList section */
		6311E36722FB5335008F3328 /* Build configuration list for PBXProject "baseApp" */ = {
			isa = XCConfigurationList;
			buildConfigurations = (
				6311E37C22FB5341008F3328 /* Debug */,
				6311E37D22FB5341008F3328 /* Release */,
			);
			defaultConfigurationIsVisible = 0;
			defaultConfigurationName = Release;
		};
		6311E37E22FB5341008F3328 /* Build configuration list for PBXNativeTarget "baseApp" */ = {
			isa = XCConfigurationList;
			buildConfigurations = (
				6311E37F22FB5341008F3328 /* Debug */,
				6311E38022FB5341008F3328 /* Release */,
			);
			defaultConfigurationIsVisible = 0;
			defaultConfigurationName = Release;
		};
/* End XCConfigurationList section */
	};
	rootObject = 6311E36422FB5335008F3328 /* Project object */;
}
